<?xml version="1.0" encoding="utf-8"?>
<Project ToolsVersion="4.0" xmlns="http://schemas.microsoft.com/developer/msbuild/2003">
  <ItemGroup>
    <Filter Include="Source Files">
      <UniqueIdentifier>{4FC737F1-C7A5-4376-A066-2A32D752A2FF}</UniqueIdentifier>
      <Extensions>cpp;cxx;c;def</Extensions>
    </Filter>
    <Filter Include="Header Files">
      <UniqueIdentifier>{93995380-89BD-4b04-88EB-625FBE52EBFB}</UniqueIdentifier>
      <Extensions>h</Extensions>
    </Filter>
    <Filter Include="Form Files">
      <UniqueIdentifier>{99349809-55BA-4b9d-BF79-8FDBB0286EB3}</UniqueIdentifier>
      <Extensions>ui</Extensions>
    </Filter>
    <Filter Include="Resource Files">
      <UniqueIdentifier>{D9D6E242-F8AF-46E4-B9FD-80ECBC20BA3E}</UniqueIdentifier>
      <Extensions>qrc;*</Extensions>
      <ParseFiles>false</ParseFiles>
    </Filter>
    <Filter Include="Generated Files">
      <UniqueIdentifier>{71ED8ED8-ACB9-4CE9-BBE1-E00B30144E11}</UniqueIdentifier>
      <Extensions>moc;h;cpp</Extensions>
      <SourceControlFiles>False</SourceControlFiles>
    </Filter>
    <Filter Include="Generated Files\Debug">
      <UniqueIdentifier>{e428430c-82df-4874-b363-6ad58f056c39}</UniqueIdentifier>
      <Extensions>cpp;moc</Extensions>
      <SourceControlFiles>False</SourceControlFiles>
    </Filter>
    <Filter Include="Generated Files\Release">
      <UniqueIdentifier>{eb35d2de-34ae-4c03-9e8a-6abc17983bb0}</UniqueIdentifier>
      <Extensions>cpp;moc</Extensions>
      <SourceControlFiles>False</SourceControlFiles>
    </Filter>
  </ItemGroup>
  <ItemGroup>
    <ClInclude Include="snighdose_global.h">
      <Filter>Header Files</Filter>
    </ClInclude>
    <ClInclude Include="hdoseEventPool.h">
      <Filter>Header Files</Filter>
    </ClInclude>
    <ClInclude Include="hdoseEvent.h">
      <Filter>Header Files</Filter>
    </ClInclude>
    <ClInclude Include="opd.h">
      <Filter>Header Files</Filter>
    </ClInclude>
    <ClInclude Include="opdEntry.h">
      <Filter>Header Files</Filter>
    </ClInclude>
    <ClInclude Include="assemble.h">
      <Filter>Header Files</Filter>
    </ClInclude>
    <ClInclude Include="rsm.h">
      <Filter>Header Files</Filter>
    </ClInclude>
    <ClInclude Include="scnEntry.h">
      <Filter>Header Files</Filter>
    </ClInclude>
    <ClInclude Include="simEsr.h">
      <Filter>Header Files</Filter>
    </ClInclude>
    <ClInclude Include="scenarioV2.h">
      <Filter>Header Files</Filter>
    </ClInclude>
    <ClInclude Include="foreStationProcessor.h">
      <Filter>Header Files</Filter>
    </ClInclude>
    <ClInclude Include="ByyAttributeEditMng.h">
      <Filter>Header Files</Filter>
    </ClInclude>
    <ClInclude Include="TargetControlEvt.h">
      <Filter>Header Files</Filter>
    </ClInclude>
  </ItemGroup>
  <ItemGroup>
    <ClCompile Include="hdoseEventPool.cpp">
      <Filter>Source Files</Filter>
    </ClCompile>
    <ClCompile Include="hdoseEvent.cpp">
      <Filter>Source Files</Filter>
    </ClCompile>
    <ClCompile Include="hdoseDriver.cpp">
      <Filter>Source Files</Filter>
    </ClCompile>
    <ClCompile Include="ByyHdose.cpp">
      <Filter>Source Files</Filter>
    </ClCompile>
    <ClCompile Include="GeneratedFiles\Debug\moc_ByyHdose.cpp">
      <Filter>Generated Files\Debug</Filter>
    </ClCompile>
    <ClCompile Include="GeneratedFiles\Release\moc_ByyHdose.cpp">
      <Filter>Generated Files\Release</Filter>
    </ClCompile>
    <ClCompile Include="opd.cpp">
      <Filter>Source Files</Filter>
    </ClCompile>
    <ClCompile Include="simuController.cpp">
      <Filter>Source Files</Filter>
    </ClCompile>
    <ClCompile Include="GeneratedFiles\Debug\moc_simuController.cpp">
      <Filter>Generated Files\Debug</Filter>
    </ClCompile>
    <ClCompile Include="GeneratedFiles\Release\moc_simuController.cpp">
      <Filter>Generated Files\Release</Filter>
    </ClCompile>
    <ClCompile Include="scenarioManager.cpp">
      <Filter>Source Files</Filter>
    </ClCompile>
    <ClCompile Include="GeneratedFiles\Debug\moc_scenarioManager.cpp">
      <Filter>Generated Files\Debug</Filter>
    </ClCompile>
    <ClCompile Include="GeneratedFiles\Release\moc_scenarioManager.cpp">
      <Filter>Generated Files\Release</Filter>
    </ClCompile>
    <ClCompile Include="snigHdosePlugin.cpp">
      <Filter>Source Files</Filter>
    </ClCompile>
    <ClCompile Include="opdEntry.cpp">
      <Filter>Source Files</Filter>
    </ClCompile>
    <ClCompile Include="assemble.cpp">
      <Filter>Source Files</Filter>
    </ClCompile>
    <ClCompile Include="ForeStation.cpp">
      <Filter>Source Files</Filter>
    </ClCompile>
    <ClCompile Include="rsm.cpp">
      <Filter>Source Files</Filter>
    </ClCompile>
    <ClCompile Include="scnEntry.cpp">
      <Filter>Source Files</Filter>
    </ClCompile>
    <ClCompile Include="simEsr.cpp">
      <Filter>Source Files</Filter>
    </ClCompile>
    <ClCompile Include="hdoseSettings.cpp">
      <Filter>Source Files</Filter>
    </ClCompile>
    <ClCompile Include="GeneratedFiles\Debug\moc_hdoseSettings.cpp">
      <Filter>Generated Files\Debug</Filter>
    </ClCompile>
    <ClCompile Include="GeneratedFiles\Release\moc_hdoseSettings.cpp">
      <Filter>Generated Files\Release</Filter>
    </ClCompile>
    <ClCompile Include="scenarioV2.cpp">
      <Filter>Source Files</Filter>
    </ClCompile>
    <ClCompile Include="ByyHdoseEntity.cpp">
      <Filter>Source Files</Filter>
    </ClCompile>
    <ClCompile Include="GeneratedFiles\Debug\moc_ByyHdoseEntity.cpp">
      <Filter>Generated Files\Debug</Filter>
    </ClCompile>
    <ClCompile Include="GeneratedFiles\Release\moc_ByyHdoseEntity.cpp">
      <Filter>Generated Files\Release</Filter>
    </ClCompile>
    <ClCompile Include="foreStationProcessor.cpp">
      <Filter>Source Files</Filter>
    </ClCompile>
    <ClCompile Include="ByyAttributeEditMng.cpp">
      <Filter>Source Files</Filter>
    </ClCompile>
  </ItemGroup>
  <ItemGroup>
    <CustomBuild Include="hdoseDriver.h">
      <Filter>Header Files</Filter>
    </CustomBuild>
    <CustomBuild Include="ByyHdose.h">
      <Filter>Header Files</Filter>
    </CustomBuild>
    <CustomBuild Include="simuController.h">
      <Filter>Header Files</Filter>
    </CustomBuild>
    <CustomBuild Include="scenarioManager.h">
      <Filter>Header Files</Filter>
    </CustomBuild>
    <CustomBuild Include="ForeStation.h">
      <Filter>Header Files</Filter>
    </CustomBuild>
    <CustomBuild Include="hdoseSettings.h">
      <Filter>Header Files</Filter>
    </CustomBuild>
    <CustomBuild Include="ByyHdoseEntity.h">
      <Filter>Header Files</Filter>
    </CustomBuild>
  </ItemGroup>
</Project>