<?xml version="1.0" encoding="utf-8"?>
<Project ToolsVersion="4.0" xmlns="http://schemas.microsoft.com/developer/msbuild/2003">
  <ItemGroup>
    <Filter Include="Source Files">
      <UniqueIdentifier>{4FC737F1-C7A5-4376-A066-2A32D752A2FF}</UniqueIdentifier>
      <Extensions>cpp;cxx;c;def</Extensions>
    </Filter>
    <Filter Include="Header Files">
      <UniqueIdentifier>{93995380-89BD-4b04-88EB-625FBE52EBFB}</UniqueIdentifier>
      <Extensions>h</Extensions>
    </Filter>
    <Filter Include="Form Files">
      <UniqueIdentifier>{99349809-55BA-4b9d-BF79-8FDBB0286EB3}</UniqueIdentifier>
      <Extensions>ui</Extensions>
    </Filter>
    <Filter Include="Resource Files">
      <UniqueIdentifier>{D9D6E242-F8AF-46E4-B9FD-80ECBC20BA3E}</UniqueIdentifier>
      <Extensions>qrc;*</Extensions>
      <ParseFiles>false</ParseFiles>
    </Filter>
    <Filter Include="Generated Files">
      <UniqueIdentifier>{71ED8ED8-ACB9-4CE9-BBE1-E00B30144E11}</UniqueIdentifier>
      <Extensions>moc;h;cpp</Extensions>
      <SourceControlFiles>False</SourceControlFiles>
    </Filter>
    <Filter Include="Generated Files\Debug">
      <UniqueIdentifier>{cb0cff98-081a-49b8-a42d-f8a3bbae32cd}</UniqueIdentifier>
      <Extensions>cpp;moc</Extensions>
      <SourceControlFiles>False</SourceControlFiles>
    </Filter>
    <Filter Include="Generated Files\Release">
      <UniqueIdentifier>{30e916cd-96e5-485e-b1f8-b162038d985f}</UniqueIdentifier>
      <Extensions>cpp;moc</Extensions>
      <SourceControlFiles>False</SourceControlFiles>
    </Filter>
    <Filter Include="Header Files\Object">
      <UniqueIdentifier>{01f87034-a97c-4c4f-bdf2-166e22a80cc4}</UniqueIdentifier>
    </Filter>
    <Filter Include="Source Files\Object">
      <UniqueIdentifier>{7dfa65bf-8b1d-48be-9f97-240040af8128}</UniqueIdentifier>
    </Filter>
    <Filter Include="Header Files\Task">
      <UniqueIdentifier>{3f381871-1ed8-4ca8-8b0d-538dab370089}</UniqueIdentifier>
    </Filter>
    <Filter Include="Source Files\Task">
      <UniqueIdentifier>{c67a0195-3b9b-4a72-82fc-a0451d78329f}</UniqueIdentifier>
    </Filter>
    <Filter Include="Header Files\ESR">
      <UniqueIdentifier>{06a9f607-c793-4d29-9724-d04599ca6cfa}</UniqueIdentifier>
    </Filter>
    <Filter Include="Source Files\ESR">
      <UniqueIdentifier>{896ad7e9-718a-4b63-90ca-2da19223040f}</UniqueIdentifier>
    </Filter>
  </ItemGroup>
  <ItemGroup>
    <ClInclude Include="snigcore_global.h">
      <Filter>Header Files</Filter>
    </ClInclude>
    <ClInclude Include="geoMath.h">
      <Filter>Header Files</Filter>
    </ClInclude>
    <ClInclude Include="coordinateTransfer.h">
      <Filter>Header Files</Filter>
    </ClInclude>
    <ClInclude Include="entityType.h">
      <Filter>Header Files</Filter>
    </ClInclude>
    <ClInclude Include="entityObjectFrame.h">
      <Filter>Header Files</Filter>
    </ClInclude>
    <ClInclude Include="taskManager.h">
      <Filter>Header Files</Filter>
    </ClInclude>
    <ClInclude Include="enums.h">
      <Filter>Header Files</Filter>
    </ClInclude>
    <ClInclude Include="coreFactory.h">
      <Filter>Header Files</Filter>
    </ClInclude>
    <ClInclude Include="pluginManager.h">
      <Filter>Header Files</Filter>
    </ClInclude>
    <ClInclude Include="keyValueList.h">
      <Filter>Header Files</Filter>
    </ClInclude>
    <ClInclude Include="parameter.h">
      <Filter>Header Files</Filter>
    </ClInclude>
    <ClInclude Include="articulatedPartCollection.h">
      <Filter>Header Files</Filter>
    </ClInclude>
    <ClInclude Include="ByyAttackArrow.h">
      <Filter>Header Files\Object</Filter>
    </ClInclude>
    <ClInclude Include="ByyDoubleArrow.h">
      <Filter>Header Files\Object</Filter>
    </ClInclude>
    <ClInclude Include="ByyFineArrow.h">
      <Filter>Header Files\Object</Filter>
    </ClInclude>
    <ClInclude Include="ByyGatheringPlace.h">
      <Filter>Header Files\Object</Filter>
    </ClInclude>
    <ClInclude Include="ByyStraightArrow.h">
      <Filter>Header Files\Object</Filter>
    </ClInclude>
    <ClInclude Include="cruiseTask.h">
      <Filter>Header Files\Task</Filter>
    </ClInclude>
    <ClInclude Include="followTask.h">
      <Filter>Header Files\Task</Filter>
    </ClInclude>
    <ClInclude Include="launchMissileTask.h">
      <Filter>Header Files\Task</Filter>
    </ClInclude>
    <ClInclude Include="moveToTask.h">
      <Filter>Header Files\Task</Filter>
    </ClInclude>
    <ClInclude Include="moveAlongRouteTask.h">
      <Filter>Header Files\Task</Filter>
    </ClInclude>
    <ClInclude Include="patrolAreaTask.h">
      <Filter>Header Files\Task</Filter>
    </ClInclude>
    <ClInclude Include="patrolRouteTask.h">
      <Filter>Header Files\Task</Filter>
    </ClInclude>
    <ClInclude Include="task.h">
      <Filter>Header Files\Task</Filter>
    </ClInclude>
    <ClInclude Include="waitTask.h">
      <Filter>Header Files\Task</Filter>
    </ClInclude>
    <ClInclude Include="taskRegistration.h">
      <Filter>Header Files\Task</Filter>
    </ClInclude>
    <ClInclude Include="taskFactory.h">
      <Filter>Header Files\Task</Filter>
    </ClInclude>
    <ClInclude Include="stateRepository.h">
      <Filter>Header Files\ESR</Filter>
    </ClInclude>
    <ClInclude Include="ByyAbsDescribe.h">
      <Filter>Header Files</Filter>
    </ClInclude>
    <ClInclude Include="ByyDescribeEntry.h">
      <Filter>Header Files</Filter>
    </ClInclude>
    <ClInclude Include="ByyDescribeComponent.h">
      <Filter>Header Files</Filter>
    </ClInclude>
    <ClInclude Include="ByyDescParamList.h">
      <Filter>Header Files</Filter>
    </ClInclude>
    <ClInclude Include="ByyObjectIdManager.h">
      <Filter>Header Files</Filter>
    </ClInclude>
    <ClInclude Include="returnBaseTask.h">
      <Filter>Header Files\Task</Filter>
    </ClInclude>
    <ClInclude Include="sensorOperTask.h">
      <Filter>Header Files\Task</Filter>
    </ClInclude>
    <ClInclude Include="ByyRelativePath.h">
      <Filter>Header Files</Filter>
    </ClInclude>
    <ClInclude Include="ByyPluginInterface.h">
      <Filter>Header Files</Filter>
    </ClInclude>
    <ClInclude Include="ByyPluginSystem.h">
      <Filter>Header Files</Filter>
    </ClInclude>
    <ClInclude Include="Event.h">
      <Filter>Header Files</Filter>
    </ClInclude>
  </ItemGroup>
  <ItemGroup>
    <ClCompile Include="geoMath.cpp">
      <Filter>Source Files</Filter>
    </ClCompile>
    <ClCompile Include="settings.cpp">
      <Filter>Source Files</Filter>
    </ClCompile>
    <ClCompile Include="coordinateTransfer.cpp">
      <Filter>Source Files</Filter>
    </ClCompile>
    <ClCompile Include="elevationQuery.cpp">
      <Filter>Source Files</Filter>
    </ClCompile>
    <ClCompile Include="entityType.cpp">
      <Filter>Source Files</Filter>
    </ClCompile>
    <ClCompile Include="entityObjectFrame.cpp">
      <Filter>Source Files</Filter>
    </ClCompile>
    <ClCompile Include="taskManager.cpp">
      <Filter>Source Files</Filter>
    </ClCompile>
    <ClCompile Include="GeneratedFiles\Debug\moc_settings.cpp">
      <Filter>Generated Files\Debug</Filter>
    </ClCompile>
    <ClCompile Include="GeneratedFiles\Release\moc_settings.cpp">
      <Filter>Generated Files\Release</Filter>
    </ClCompile>
    <ClCompile Include="GeneratedFiles\Debug\moc_localizedCtrlObject.cpp">
      <Filter>Generated Files\Debug</Filter>
    </ClCompile>
    <ClCompile Include="GeneratedFiles\Release\moc_localizedCtrlObject.cpp">
      <Filter>Generated Files\Release</Filter>
    </ClCompile>
    <ClCompile Include="GeneratedFiles\Debug\moc_elevationQuery.cpp">
      <Filter>Generated Files\Debug</Filter>
    </ClCompile>
    <ClCompile Include="GeneratedFiles\Release\moc_elevationQuery.cpp">
      <Filter>Generated Files\Release</Filter>
    </ClCompile>
    <ClCompile Include="driver.cpp">
      <Filter>Source Files</Filter>
    </ClCompile>
    <ClCompile Include="GeneratedFiles\Debug\moc_driver.cpp">
      <Filter>Generated Files\Debug</Filter>
    </ClCompile>
    <ClCompile Include="GeneratedFiles\Release\moc_driver.cpp">
      <Filter>Generated Files\Release</Filter>
    </ClCompile>
    <ClCompile Include="driverManager.cpp">
      <Filter>Source Files</Filter>
    </ClCompile>
    <ClCompile Include="GeneratedFiles\Debug\moc_driverManager.cpp">
      <Filter>Generated Files\Debug</Filter>
    </ClCompile>
    <ClCompile Include="GeneratedFiles\Release\moc_driverManager.cpp">
      <Filter>Generated Files\Release</Filter>
    </ClCompile>
    <ClCompile Include="remoteObjectManager.cpp">
      <Filter>Source Files</Filter>
    </ClCompile>
    <ClCompile Include="GeneratedFiles\Debug\moc_remoteObjectManager.cpp">
      <Filter>Generated Files\Debug</Filter>
    </ClCompile>
    <ClCompile Include="GeneratedFiles\Release\moc_remoteObjectManager.cpp">
      <Filter>Generated Files\Release</Filter>
    </ClCompile>
    <ClCompile Include="localObjectManager.cpp">
      <Filter>Source Files</Filter>
    </ClCompile>
    <ClCompile Include="GeneratedFiles\Debug\moc_localObjectManager.cpp">
      <Filter>Generated Files\Debug</Filter>
    </ClCompile>
    <ClCompile Include="GeneratedFiles\Release\moc_localObjectManager.cpp">
      <Filter>Generated Files\Release</Filter>
    </ClCompile>
    <ClCompile Include="coreFactory.cpp">
      <Filter>Source Files</Filter>
    </ClCompile>
    <ClCompile Include="ByyCore.cpp">
      <Filter>Source Files</Filter>
    </ClCompile>
    <ClCompile Include="GeneratedFiles\Debug\moc_ByyCore.cpp">
      <Filter>Generated Files\Debug</Filter>
    </ClCompile>
    <ClCompile Include="GeneratedFiles\Release\moc_ByyCore.cpp">
      <Filter>Generated Files\Release</Filter>
    </ClCompile>
    <ClCompile Include="pluginManager.cpp">
      <Filter>Source Files</Filter>
    </ClCompile>
    <ClCompile Include="GeneratedFiles\Debug\moc_ByyCircle.cpp">
      <Filter>Generated Files\Debug</Filter>
    </ClCompile>
    <ClCompile Include="GeneratedFiles\Release\moc_ByyCircle.cpp">
      <Filter>Generated Files\Release</Filter>
    </ClCompile>
    <ClCompile Include="GeneratedFiles\Debug\moc_ByyEllipse.cpp">
      <Filter>Generated Files\Debug</Filter>
    </ClCompile>
    <ClCompile Include="GeneratedFiles\Release\moc_ByyEllipse.cpp">
      <Filter>Generated Files\Release</Filter>
    </ClCompile>
    <ClCompile Include="GeneratedFiles\Debug\moc_ByyObject.cpp">
      <Filter>Generated Files\Debug</Filter>
    </ClCompile>
    <ClCompile Include="GeneratedFiles\Release\moc_ByyObject.cpp">
      <Filter>Generated Files\Release</Filter>
    </ClCompile>
    <ClCompile Include="GeneratedFiles\Debug\moc_ByyRectangle.cpp">
      <Filter>Generated Files\Debug</Filter>
    </ClCompile>
    <ClCompile Include="GeneratedFiles\Release\moc_ByyRectangle.cpp">
      <Filter>Generated Files\Release</Filter>
    </ClCompile>
    <ClCompile Include="GeneratedFiles\Debug\moc_ByyWayPoint.cpp">
      <Filter>Generated Files\Debug</Filter>
    </ClCompile>
    <ClCompile Include="GeneratedFiles\Release\moc_ByyWayPoint.cpp">
      <Filter>Generated Files\Release</Filter>
    </ClCompile>
    <ClCompile Include="absObjectManager.cpp">
      <Filter>Source Files</Filter>
    </ClCompile>
    <ClCompile Include="GeneratedFiles\Debug\moc_absObjectManager.cpp">
      <Filter>Generated Files\Debug</Filter>
    </ClCompile>
    <ClCompile Include="GeneratedFiles\Release\moc_absObjectManager.cpp">
      <Filter>Generated Files\Release</Filter>
    </ClCompile>
    <ClCompile Include="keyValueList.cpp">
      <Filter>Source Files</Filter>
    </ClCompile>
    <ClCompile Include="parameter.cpp">
      <Filter>Source Files</Filter>
    </ClCompile>
    <ClCompile Include="coreUtils.cpp">
      <Filter>Source Files</Filter>
    </ClCompile>
    <ClCompile Include="GeneratedFiles\Debug\moc_ByyControlObject.cpp">
      <Filter>Generated Files\Debug</Filter>
    </ClCompile>
    <ClCompile Include="GeneratedFiles\Release\moc_ByyControlObject.cpp">
      <Filter>Generated Files\Release</Filter>
    </ClCompile>
    <ClCompile Include="GeneratedFiles\Debug\moc_ByyPhaseLine.cpp">
      <Filter>Generated Files\Debug</Filter>
    </ClCompile>
    <ClCompile Include="GeneratedFiles\Release\moc_ByyPhaseLine.cpp">
      <Filter>Generated Files\Release</Filter>
    </ClCompile>
    <ClCompile Include="GeneratedFiles\Debug\moc_ByyPointSet.cpp">
      <Filter>Generated Files\Debug</Filter>
    </ClCompile>
    <ClCompile Include="GeneratedFiles\Release\moc_ByyPointSet.cpp">
      <Filter>Generated Files\Release</Filter>
    </ClCompile>
    <ClCompile Include="articulatedPartCollection.cpp">
      <Filter>Source Files</Filter>
    </ClCompile>
    <ClCompile Include="GeneratedFiles\Debug\moc_entityObject.cpp">
      <Filter>Generated Files\Debug</Filter>
    </ClCompile>
    <ClCompile Include="GeneratedFiles\Release\moc_entityObject.cpp">
      <Filter>Generated Files\Release</Filter>
    </ClCompile>
    <ClCompile Include="ByyAttackArrow.cpp">
      <Filter>Source Files\Object</Filter>
    </ClCompile>
    <ClCompile Include="ByyCircle.cpp">
      <Filter>Source Files\Object</Filter>
    </ClCompile>
    <ClCompile Include="ByyControlObject.cpp">
      <Filter>Source Files\Object</Filter>
    </ClCompile>
    <ClCompile Include="ByyDoubleArrow.cpp">
      <Filter>Source Files\Object</Filter>
    </ClCompile>
    <ClCompile Include="ByyEllipse.cpp">
      <Filter>Source Files\Object</Filter>
    </ClCompile>
    <ClCompile Include="ByyFineArrow.cpp">
      <Filter>Source Files\Object</Filter>
    </ClCompile>
    <ClCompile Include="ByyGatheringPlace.cpp">
      <Filter>Source Files\Object</Filter>
    </ClCompile>
    <ClCompile Include="ByyObject.cpp">
      <Filter>Source Files\Object</Filter>
    </ClCompile>
    <ClCompile Include="ByyPhaseLine.cpp">
      <Filter>Source Files\Object</Filter>
    </ClCompile>
    <ClCompile Include="ByyPointSet.cpp">
      <Filter>Source Files\Object</Filter>
    </ClCompile>
    <ClCompile Include="ByyPolygon.cpp">
      <Filter>Source Files\Object</Filter>
    </ClCompile>
    <ClCompile Include="ByyRectangle.cpp">
      <Filter>Source Files\Object</Filter>
    </ClCompile>
    <ClCompile Include="ByyRoute.cpp">
      <Filter>Source Files\Object</Filter>
    </ClCompile>
    <ClCompile Include="ByyWaypoint.cpp">
      <Filter>Source Files\Object</Filter>
    </ClCompile>
    <ClCompile Include="ByyStraightArrow.cpp">
      <Filter>Source Files\Object</Filter>
    </ClCompile>
    <ClCompile Include="entityObject.cpp">
      <Filter>Source Files\Object</Filter>
    </ClCompile>
    <ClCompile Include="localizedCtrlObject.cpp">
      <Filter>Source Files\Object</Filter>
    </ClCompile>
    <ClCompile Include="cruiseTask.cpp">
      <Filter>Source Files\Task</Filter>
    </ClCompile>
    <ClCompile Include="followTask.cpp">
      <Filter>Source Files\Task</Filter>
    </ClCompile>
    <ClCompile Include="launchMissileTask.cpp">
      <Filter>Source Files\Task</Filter>
    </ClCompile>
    <ClCompile Include="moveAlongRouteTask.cpp">
      <Filter>Source Files\Task</Filter>
    </ClCompile>
    <ClCompile Include="moveToTask.cpp">
      <Filter>Source Files\Task</Filter>
    </ClCompile>
    <ClCompile Include="patrolAreaTask.cpp">
      <Filter>Source Files\Task</Filter>
    </ClCompile>
    <ClCompile Include="patrolRouteTask.cpp">
      <Filter>Source Files\Task</Filter>
    </ClCompile>
    <ClCompile Include="task.cpp">
      <Filter>Source Files\Task</Filter>
    </ClCompile>
    <ClCompile Include="taskFactory.cpp">
      <Filter>Source Files\Task</Filter>
    </ClCompile>
    <ClCompile Include="taskRegistration.cpp">
      <Filter>Source Files\Task</Filter>
    </ClCompile>
    <ClCompile Include="waitTask.cpp">
      <Filter>Source Files\Task</Filter>
    </ClCompile>
    <ClCompile Include="localEntity.cpp">
      <Filter>Source Files\Object</Filter>
    </ClCompile>
    <ClCompile Include="remoteEntity.cpp">
      <Filter>Source Files\Object</Filter>
    </ClCompile>
    <ClCompile Include="stateRepository.cpp">
      <Filter>Source Files\ESR</Filter>
    </ClCompile>
    <ClCompile Include="ByySatelliteSR.cpp">
      <Filter>Source Files\ESR</Filter>
    </ClCompile>
    <ClCompile Include="GeneratedFiles\Debug\moc_ByySatelliteSR.cpp">
      <Filter>Generated Files\Debug</Filter>
    </ClCompile>
    <ClCompile Include="GeneratedFiles\Release\moc_ByySatelliteSR.cpp">
      <Filter>Generated Files\Release</Filter>
    </ClCompile>
    <ClCompile Include="radioCommsManager.cpp">
      <Filter>Source Files</Filter>
    </ClCompile>
    <ClCompile Include="GeneratedFiles\Debug\moc_radioCommsManager.cpp">
      <Filter>Generated Files\Debug</Filter>
    </ClCompile>
    <ClCompile Include="GeneratedFiles\Release\moc_radioCommsManager.cpp">
      <Filter>Generated Files\Release</Filter>
    </ClCompile>
    <ClCompile Include="ByyAbsDescribe.cpp">
      <Filter>Source Files</Filter>
    </ClCompile>
    <ClCompile Include="ByyDescribeEntry.cpp">
      <Filter>Source Files</Filter>
    </ClCompile>
    <ClCompile Include="ByyDescribeComponent.cpp">
      <Filter>Source Files</Filter>
    </ClCompile>
    <ClCompile Include="ByyDescParamList.cpp">
      <Filter>Source Files</Filter>
    </ClCompile>
    <ClCompile Include="enums.cpp">
      <Filter>Source Files</Filter>
    </ClCompile>
    <ClCompile Include="ByyObjectIdManager.cpp">
      <Filter>Source Files</Filter>
    </ClCompile>
    <ClCompile Include="ByyWeaponSysSR.cpp">
      <Filter>Source Files\ESR</Filter>
    </ClCompile>
    <ClCompile Include="GeneratedFiles\Debug\moc_ByyWeaponSysSR.cpp">
      <Filter>Generated Files\Debug</Filter>
    </ClCompile>
    <ClCompile Include="GeneratedFiles\Release\moc_ByyWeaponSysSR.cpp">
      <Filter>Generated Files\Release</Filter>
    </ClCompile>
    <ClCompile Include="GeneratedFiles\Debug\moc_remoteEntity.cpp">
      <Filter>Generated Files\Debug</Filter>
    </ClCompile>
    <ClCompile Include="GeneratedFiles\Release\moc_remoteEntity.cpp">
      <Filter>Generated Files\Release</Filter>
    </ClCompile>
    <ClCompile Include="takeOffTask.cpp">
      <Filter>Source Files\Task</Filter>
    </ClCompile>
    <ClCompile Include="returnBaseTask.cpp">
      <Filter>Source Files\Task</Filter>
    </ClCompile>
    <ClCompile Include="ByySensorSR.cpp">
      <Filter>Source Files\ESR</Filter>
    </ClCompile>
    <ClCompile Include="GeneratedFiles\Debug\moc_ByySensorSR.cpp">
      <Filter>Generated Files\Debug</Filter>
    </ClCompile>
    <ClCompile Include="GeneratedFiles\Release\moc_ByySensorSR.cpp">
      <Filter>Generated Files\Release</Filter>
    </ClCompile>
    <ClCompile Include="sensorOperTask.cpp">
      <Filter>Source Files\Task</Filter>
    </ClCompile>
    <ClCompile Include="ByyRelativePath.cpp">
      <Filter>Source Files</Filter>
    </ClCompile>
    <ClCompile Include="GeneratedFiles\Debug\moc_localEntity.cpp">
      <Filter>Generated Files\Debug</Filter>
    </ClCompile>
    <ClCompile Include="GeneratedFiles\Release\moc_localEntity.cpp">
      <Filter>Generated Files\Release</Filter>
    </ClCompile>
    <ClCompile Include="ByyDetectObject.cpp">
      <Filter>Source Files\Object</Filter>
    </ClCompile>
    <ClCompile Include="GeneratedFiles\Debug\moc_ByyDetectObject.cpp">
      <Filter>Generated Files\Debug</Filter>
    </ClCompile>
    <ClCompile Include="GeneratedFiles\Release\moc_ByyDetectObject.cpp">
      <Filter>Generated Files\Release</Filter>
    </ClCompile>
    <ClCompile Include="ByyUserOperateLog.cpp">
      <Filter>Source Files</Filter>
    </ClCompile>
    <ClCompile Include="GeneratedFiles\Debug\moc_ByyUserOperateLog.cpp">
      <Filter>Generated Files\Debug</Filter>
    </ClCompile>
    <ClCompile Include="GeneratedFiles\Release\moc_ByyUserOperateLog.cpp">
      <Filter>Generated Files\Release</Filter>
    </ClCompile>
    <ClCompile Include="GeneratedFiles\Debug\moc_ByyArc.cpp">
      <Filter>Generated Files\Debug</Filter>
    </ClCompile>
    <ClCompile Include="GeneratedFiles\Release\moc_ByyArc.cpp">
      <Filter>Generated Files\Release</Filter>
    </ClCompile>
    <ClCompile Include="ByyPluginInterface.cpp">
      <Filter>Source Files</Filter>
    </ClCompile>
    <ClCompile Include="ByyPluginSystem.cpp">
      <Filter>Source Files</Filter>
    </ClCompile>
    <ClCompile Include="Event.cpp">
      <Filter>Source Files</Filter>
    </ClCompile>
    <ClCompile Include="ByyArc.cpp">
      <Filter>Source Files\Object</Filter>
    </ClCompile>
  </ItemGroup>
  <ItemGroup>
    <CustomBuild Include="settings.h">
      <Filter>Header Files</Filter>
    </CustomBuild>
    <CustomBuild Include="elevationQuery.h">
      <Filter>Header Files</Filter>
    </CustomBuild>
    <CustomBuild Include="driver.h">
      <Filter>Header Files</Filter>
    </CustomBuild>
    <CustomBuild Include="driverManager.h">
      <Filter>Header Files</Filter>
    </CustomBuild>
    <CustomBuild Include="remoteObjectManager.h">
      <Filter>Header Files</Filter>
    </CustomBuild>
    <CustomBuild Include="localObjectManager.h">
      <Filter>Header Files</Filter>
    </CustomBuild>
    <CustomBuild Include="ByyCore.h">
      <Filter>Header Files</Filter>
    </CustomBuild>
    <CustomBuild Include="absObjectManager.h">
      <Filter>Header Files</Filter>
    </CustomBuild>
    <CustomBuild Include="coreUtils.h">
      <Filter>Header Files</Filter>
    </CustomBuild>
    <CustomBuild Include="ByyCircle.h">
      <Filter>Header Files\Object</Filter>
    </CustomBuild>
    <CustomBuild Include="ByyEllipse.h">
      <Filter>Header Files\Object</Filter>
    </CustomBuild>
    <CustomBuild Include="ByyObject.h">
      <Filter>Header Files\Object</Filter>
    </CustomBuild>
    <CustomBuild Include="ByyPhaseLine.h">
      <Filter>Header Files\Object</Filter>
    </CustomBuild>
    <CustomBuild Include="ByyPointSet.h">
      <Filter>Header Files\Object</Filter>
    </CustomBuild>
    <CustomBuild Include="ByyPolygon.h">
      <Filter>Header Files\Object</Filter>
    </CustomBuild>
    <CustomBuild Include="ByyRectangle.h">
      <Filter>Header Files\Object</Filter>
    </CustomBuild>
    <CustomBuild Include="ByyRoute.h">
      <Filter>Header Files\Object</Filter>
    </CustomBuild>
    <CustomBuild Include="ByyWayPoint.h">
      <Filter>Header Files\Object</Filter>
    </CustomBuild>
    <CustomBuild Include="localizedCtrlObject.h">
      <Filter>Header Files\Object</Filter>
    </CustomBuild>
    <CustomBuild Include="ByyControlObject.h">
      <Filter>Header Files\Object</Filter>
    </CustomBuild>
    <CustomBuild Include="entityObject.h">
      <Filter>Header Files\Object</Filter>
    </CustomBuild>
    <CustomBuild Include="ByySatelliteSR.h">
      <Filter>Header Files\ESR</Filter>
    </CustomBuild>
    <CustomBuild Include="radioCommsManager.h">
      <Filter>Header Files</Filter>
    </CustomBuild>
    <CustomBuild Include="ByyWeaponSysSR.h">
      <Filter>Header Files\ESR</Filter>
    </CustomBuild>
    <CustomBuild Include="remoteEntity.h">
      <Filter>Header Files\Object</Filter>
    </CustomBuild>
    <CustomBuild Include="takeOffTask.h">
      <Filter>Header Files\Task</Filter>
    </CustomBuild>
    <CustomBuild Include="ByySensorSR.h">
      <Filter>Header Files\ESR</Filter>
    </CustomBuild>
    <CustomBuild Include="localEntity.h">
      <Filter>Header Files\Object</Filter>
    </CustomBuild>
    <CustomBuild Include="ByyDetectObject.h">
      <Filter>Header Files\Object</Filter>
    </CustomBuild>
    <CustomBuild Include="ByyUserOperateLog.h">
      <Filter>Header Files</Filter>
    </CustomBuild>
    <CustomBuild Include="ByyArc.h">
      <Filter>Header Files\Object</Filter>
    </CustomBuild>
  </ItemGroup>
</Project>