<?xml version="1.0" encoding="utf-8"?>
<Project ToolsVersion="4.0" xmlns="http://schemas.microsoft.com/developer/msbuild/2003">
  <ItemGroup>
    <Filter Include="Source Files">
      <UniqueIdentifier>{4FC737F1-C7A5-4376-A066-2A32D752A2FF}</UniqueIdentifier>
      <Extensions>cpp;cxx;c;def</Extensions>
    </Filter>
    <Filter Include="Header Files">
      <UniqueIdentifier>{93995380-89BD-4b04-88EB-625FBE52EBFB}</UniqueIdentifier>
      <Extensions>h</Extensions>
    </Filter>
    <Filter Include="Form Files">
      <UniqueIdentifier>{99349809-55BA-4b9d-BF79-8FDBB0286EB3}</UniqueIdentifier>
      <Extensions>ui</Extensions>
    </Filter>
    <Filter Include="Generated Files">
      <UniqueIdentifier>{71ED8ED8-ACB9-4CE9-BBE1-E00B30144E11}</UniqueIdentifier>
      <Extensions>moc;h;cpp</Extensions>
      <SourceControlFiles>False</SourceControlFiles>
    </Filter>
    <Filter Include="Generated Files\Debug">
      <UniqueIdentifier>{300f4d3d-3058-4365-b049-818ee54d1bf5}</UniqueIdentifier>
      <Extensions>cpp;moc</Extensions>
      <SourceControlFiles>False</SourceControlFiles>
    </Filter>
    <Filter Include="Generated Files\Release">
      <UniqueIdentifier>{d0b7e139-0c12-4d66-8d1d-8e62ab749e31}</UniqueIdentifier>
      <Extensions>cpp;moc</Extensions>
      <SourceControlFiles>False</SourceControlFiles>
    </Filter>
    <Filter Include="Resource Files">
      <UniqueIdentifier>{D9D6E242-F8AF-46E4-B9FD-80ECBC20BA3E}</UniqueIdentifier>
      <Extensions>qrc;*</Extensions>
      <ParseFiles>false</ParseFiles>
    </Filter>
    <Filter Include="Header Files\plot">
      <UniqueIdentifier>{29971b9b-72cf-4883-9f45-4ab435322eab}</UniqueIdentifier>
    </Filter>
    <Filter Include="Source Files\plot">
      <UniqueIdentifier>{80567d84-c37b-459c-9910-cd2c311baade}</UniqueIdentifier>
    </Filter>
    <Filter Include="Header Files\XFrame">
      <UniqueIdentifier>{21ef0baa-d6cb-4bb1-ad08-307df02d677d}</UniqueIdentifier>
    </Filter>
    <Filter Include="Source Files\XFrame">
      <UniqueIdentifier>{87e1da0a-da09-43b2-b554-fde2c57f1e35}</UniqueIdentifier>
    </Filter>
    <Filter Include="Header Files\XFrame\ChartManager">
      <UniqueIdentifier>{da6554e0-78dc-4622-88a0-a93cd8505ad2}</UniqueIdentifier>
    </Filter>
    <Filter Include="Source Files\XFrame\ChartManager">
      <UniqueIdentifier>{7d4829cf-83fb-49d5-a56c-41d6a000f163}</UniqueIdentifier>
    </Filter>
    <Filter Include="Header Files\BehaviorTree">
      <UniqueIdentifier>{73d11165-58c6-46be-82f0-f81d1133dfce}</UniqueIdentifier>
    </Filter>
    <Filter Include="Source Files\BehaviorTree">
      <UniqueIdentifier>{d42e704f-49b3-469d-9c26-2a17eb13e6ac}</UniqueIdentifier>
    </Filter>
    <Filter Include="Header Files\Formation">
      <UniqueIdentifier>{158f6024-16fc-4c04-87da-a282505d50ad}</UniqueIdentifier>
    </Filter>
    <Filter Include="Source Files\Formation">
      <UniqueIdentifier>{be6b2165-62fd-49f8-afbf-b21fd505e853}</UniqueIdentifier>
    </Filter>
    <Filter Include="Header Files\verdictwidgets">
      <UniqueIdentifier>{276e9a04-351e-4537-8f5f-eb8c2c2446f2}</UniqueIdentifier>
    </Filter>
    <Filter Include="Source Files\verdictwidgets">
      <UniqueIdentifier>{eef733ef-f2a9-4c3e-9005-284798918d2e}</UniqueIdentifier>
    </Filter>
  </ItemGroup>
  <ItemGroup>
    <ClCompile Include="main.cpp">
      <Filter>Source Files</Filter>
    </ClCompile>
    <ClCompile Include="mainWindow.cpp">
      <Filter>Source Files</Filter>
    </ClCompile>
    <ClCompile Include="GeneratedFiles\qrc_snig.cpp">
      <Filter>Generated Files</Filter>
    </ClCompile>
    <ClCompile Include="layersControlWidget.cpp">
      <Filter>Source Files</Filter>
    </ClCompile>
    <ClCompile Include="audioSettingsDialog.cpp">
      <Filter>Source Files</Filter>
    </ClCompile>
    <ClCompile Include="stereoSettingsDialog.cpp">
      <Filter>Source Files</Filter>
    </ClCompile>
    <ClCompile Include="stdafx.cpp">
      <Filter>Source Files</Filter>
    </ClCompile>
    <ClCompile Include="viewpointWidget.cpp">
      <Filter>Source Files</Filter>
    </ClCompile>
    <ClCompile Include="cameraAnimationWidget.cpp">
      <Filter>Source Files</Filter>
    </ClCompile>
    <ClCompile Include="screenRecordWidget.cpp">
      <Filter>Source Files</Filter>
    </ClCompile>
    <ClCompile Include="measureWidget.cpp">
      <Filter>Source Files</Filter>
    </ClCompile>
    <ClCompile Include="annotationDialogs.cpp">
      <Filter>Source Files</Filter>
    </ClCompile>
    <ClCompile Include="environmentWidget.cpp">
      <Filter>Source Files</Filter>
    </ClCompile>
    <ClCompile Include="sandboxPlacer.cpp">
      <Filter>Source Files</Filter>
    </ClCompile>
    <ClCompile Include="viewpointEditWidget.cpp">
      <Filter>Source Files</Filter>
    </ClCompile>
    <ClCompile Include="animationPathEditWidget.cpp">
      <Filter>Source Files</Filter>
    </ClCompile>
    <ClCompile Include="sandboxWidget.cpp">
      <Filter>Source Files</Filter>
    </ClCompile>
    <ClCompile Include="entityObjectWidget.cpp">
      <Filter>Source Files</Filter>
    </ClCompile>
    <ClCompile Include="terrainEffectWidget.cpp">
      <Filter>Source Files</Filter>
    </ClCompile>
    <ClCompile Include="assembleWidget.cpp">
      <Filter>Source Files</Filter>
    </ClCompile>
    <ClCompile Include="entityTaskWidget.cpp">
      <Filter>Source Files</Filter>
    </ClCompile>
    <ClCompile Include="taskWidgetFactory.cpp">
      <Filter>Source Files</Filter>
    </ClCompile>
    <ClCompile Include="moveToTaskWidget.cpp">
      <Filter>Source Files</Filter>
    </ClCompile>
    <ClCompile Include="taskEditorWidget.cpp">
      <Filter>Source Files</Filter>
    </ClCompile>
    <ClCompile Include="objectListWidget.cpp">
      <Filter>Source Files</Filter>
    </ClCompile>
    <ClCompile Include="controlObjectWidget.cpp">
      <Filter>Source Files</Filter>
    </ClCompile>
    <ClCompile Include="GeneratedFiles\Debug\moc_stereoSettingsDialog.cpp">
      <Filter>Generated Files\Debug</Filter>
    </ClCompile>
    <ClCompile Include="GeneratedFiles\Release\moc_stereoSettingsDialog.cpp">
      <Filter>Generated Files\Release</Filter>
    </ClCompile>
    <ClCompile Include="GeneratedFiles\Debug\moc_mainWindow.cpp">
      <Filter>Generated Files\Debug</Filter>
    </ClCompile>
    <ClCompile Include="GeneratedFiles\Release\moc_mainWindow.cpp">
      <Filter>Generated Files\Release</Filter>
    </ClCompile>
    <ClCompile Include="GeneratedFiles\Debug\moc_layersControlWidget.cpp">
      <Filter>Generated Files\Debug</Filter>
    </ClCompile>
    <ClCompile Include="GeneratedFiles\Release\moc_layersControlWidget.cpp">
      <Filter>Generated Files\Release</Filter>
    </ClCompile>
    <ClCompile Include="GeneratedFiles\Debug\moc_audioSettingsDialog.cpp">
      <Filter>Generated Files\Debug</Filter>
    </ClCompile>
    <ClCompile Include="GeneratedFiles\Release\moc_audioSettingsDialog.cpp">
      <Filter>Generated Files\Release</Filter>
    </ClCompile>
    <ClCompile Include="GeneratedFiles\Debug\moc_viewpointWidget.cpp">
      <Filter>Generated Files\Debug</Filter>
    </ClCompile>
    <ClCompile Include="GeneratedFiles\Release\moc_viewpointWidget.cpp">
      <Filter>Generated Files\Release</Filter>
    </ClCompile>
    <ClCompile Include="GeneratedFiles\Debug\moc_viewpointEditWidget.cpp">
      <Filter>Generated Files\Debug</Filter>
    </ClCompile>
    <ClCompile Include="GeneratedFiles\Release\moc_viewpointEditWidget.cpp">
      <Filter>Generated Files\Release</Filter>
    </ClCompile>
    <ClCompile Include="GeneratedFiles\Debug\moc_terrainEffectWidget.cpp">
      <Filter>Generated Files\Debug</Filter>
    </ClCompile>
    <ClCompile Include="GeneratedFiles\Release\moc_terrainEffectWidget.cpp">
      <Filter>Generated Files\Release</Filter>
    </ClCompile>
    <ClCompile Include="GeneratedFiles\Debug\moc_taskEditorWidget.cpp">
      <Filter>Generated Files\Debug</Filter>
    </ClCompile>
    <ClCompile Include="GeneratedFiles\Release\moc_taskEditorWidget.cpp">
      <Filter>Generated Files\Release</Filter>
    </ClCompile>
    <ClCompile Include="GeneratedFiles\Debug\moc_screenRecordWidget.cpp">
      <Filter>Generated Files\Debug</Filter>
    </ClCompile>
    <ClCompile Include="GeneratedFiles\Release\moc_screenRecordWidget.cpp">
      <Filter>Generated Files\Release</Filter>
    </ClCompile>
    <ClCompile Include="GeneratedFiles\Debug\moc_sandboxWidget.cpp">
      <Filter>Generated Files\Debug</Filter>
    </ClCompile>
    <ClCompile Include="GeneratedFiles\Release\moc_sandboxWidget.cpp">
      <Filter>Generated Files\Release</Filter>
    </ClCompile>
    <ClCompile Include="GeneratedFiles\Debug\moc_objectListWidget.cpp">
      <Filter>Generated Files\Debug</Filter>
    </ClCompile>
    <ClCompile Include="GeneratedFiles\Release\moc_objectListWidget.cpp">
      <Filter>Generated Files\Release</Filter>
    </ClCompile>
    <ClCompile Include="GeneratedFiles\Debug\moc_moveToTaskWidget.cpp">
      <Filter>Generated Files\Debug</Filter>
    </ClCompile>
    <ClCompile Include="GeneratedFiles\Release\moc_moveToTaskWidget.cpp">
      <Filter>Generated Files\Release</Filter>
    </ClCompile>
    <ClCompile Include="GeneratedFiles\Debug\moc_measureWidget.cpp">
      <Filter>Generated Files\Debug</Filter>
    </ClCompile>
    <ClCompile Include="GeneratedFiles\Release\moc_measureWidget.cpp">
      <Filter>Generated Files\Release</Filter>
    </ClCompile>
    <ClCompile Include="GeneratedFiles\Debug\moc_environmentWidget.cpp">
      <Filter>Generated Files\Debug</Filter>
    </ClCompile>
    <ClCompile Include="GeneratedFiles\Release\moc_environmentWidget.cpp">
      <Filter>Generated Files\Release</Filter>
    </ClCompile>
    <ClCompile Include="GeneratedFiles\Debug\moc_entityTaskWidget.cpp">
      <Filter>Generated Files\Debug</Filter>
    </ClCompile>
    <ClCompile Include="GeneratedFiles\Release\moc_entityTaskWidget.cpp">
      <Filter>Generated Files\Release</Filter>
    </ClCompile>
    <ClCompile Include="GeneratedFiles\Debug\moc_entityObjectWidget.cpp">
      <Filter>Generated Files\Debug</Filter>
    </ClCompile>
    <ClCompile Include="GeneratedFiles\Release\moc_entityObjectWidget.cpp">
      <Filter>Generated Files\Release</Filter>
    </ClCompile>
    <ClCompile Include="GeneratedFiles\Debug\moc_controlObjectWidget.cpp">
      <Filter>Generated Files\Debug</Filter>
    </ClCompile>
    <ClCompile Include="GeneratedFiles\Release\moc_controlObjectWidget.cpp">
      <Filter>Generated Files\Release</Filter>
    </ClCompile>
    <ClCompile Include="GeneratedFiles\Debug\moc_cameraAnimationWidget.cpp">
      <Filter>Generated Files\Debug</Filter>
    </ClCompile>
    <ClCompile Include="GeneratedFiles\Release\moc_cameraAnimationWidget.cpp">
      <Filter>Generated Files\Release</Filter>
    </ClCompile>
    <ClCompile Include="GeneratedFiles\Debug\moc_assembleWidget.cpp">
      <Filter>Generated Files\Debug</Filter>
    </ClCompile>
    <ClCompile Include="GeneratedFiles\Release\moc_assembleWidget.cpp">
      <Filter>Generated Files\Release</Filter>
    </ClCompile>
    <ClCompile Include="GeneratedFiles\Debug\moc_annotationDialogs.cpp">
      <Filter>Generated Files\Debug</Filter>
    </ClCompile>
    <ClCompile Include="GeneratedFiles\Release\moc_annotationDialogs.cpp">
      <Filter>Generated Files\Release</Filter>
    </ClCompile>
    <ClCompile Include="GeneratedFiles\Debug\moc_animationPathEditWidget.cpp">
      <Filter>Generated Files\Debug</Filter>
    </ClCompile>
    <ClCompile Include="GeneratedFiles\Release\moc_animationPathEditWidget.cpp">
      <Filter>Generated Files\Release</Filter>
    </ClCompile>
    <ClCompile Include="mouseCoordsWidget.cpp">
      <Filter>Source Files</Filter>
    </ClCompile>
    <ClCompile Include="GeneratedFiles\Debug\moc_mouseCoordsWidget.cpp">
      <Filter>Generated Files\Debug</Filter>
    </ClCompile>
    <ClCompile Include="GeneratedFiles\Release\moc_mouseCoordsWidget.cpp">
      <Filter>Generated Files\Release</Filter>
    </ClCompile>
    <ClCompile Include="patrolRouteTaskWidget.cpp">
      <Filter>Source Files</Filter>
    </ClCompile>
    <ClCompile Include="GeneratedFiles\Debug\moc_patrolRouteTaskWidget.cpp">
      <Filter>Generated Files\Debug</Filter>
    </ClCompile>
    <ClCompile Include="GeneratedFiles\Release\moc_patrolRouteTaskWidget.cpp">
      <Filter>Generated Files\Release</Filter>
    </ClCompile>
    <ClCompile Include="patrolAreaTaskWidget.cpp">
      <Filter>Source Files</Filter>
    </ClCompile>
    <ClCompile Include="GeneratedFiles\Debug\moc_patrolAreaTaskWidget.cpp">
      <Filter>Generated Files\Debug</Filter>
    </ClCompile>
    <ClCompile Include="GeneratedFiles\Release\moc_patrolAreaTaskWidget.cpp">
      <Filter>Generated Files\Release</Filter>
    </ClCompile>
    <ClCompile Include="moveAlongRouteTaskWidget.cpp">
      <Filter>Source Files</Filter>
    </ClCompile>
    <ClCompile Include="GeneratedFiles\Debug\moc_moveAlongRouteTaskWidget.cpp">
      <Filter>Generated Files\Debug</Filter>
    </ClCompile>
    <ClCompile Include="GeneratedFiles\Release\moc_moveAlongRouteTaskWidget.cpp">
      <Filter>Generated Files\Release</Filter>
    </ClCompile>
    <ClCompile Include="launchMissileTaskWidget.cpp">
      <Filter>Source Files</Filter>
    </ClCompile>
    <ClCompile Include="GeneratedFiles\Debug\moc_launchMissileTaskWidget.cpp">
      <Filter>Generated Files\Debug</Filter>
    </ClCompile>
    <ClCompile Include="GeneratedFiles\Release\moc_launchMissileTaskWidget.cpp">
      <Filter>Generated Files\Release</Filter>
    </ClCompile>
    <ClCompile Include="ByyApp.cpp">
      <Filter>Source Files</Filter>
    </ClCompile>
    <ClCompile Include="ByyMenu.cpp">
      <Filter>Source Files</Filter>
    </ClCompile>
    <ClCompile Include="mainMenus.cpp">
      <Filter>Source Files</Filter>
    </ClCompile>
    <ClCompile Include="ByyAction.cpp">
      <Filter>Source Files</Filter>
    </ClCompile>
    <ClCompile Include="GeneratedFiles\Debug\moc_ByyAction.cpp">
      <Filter>Generated Files\Debug</Filter>
    </ClCompile>
    <ClCompile Include="GeneratedFiles\Release\moc_ByyAction.cpp">
      <Filter>Generated Files\Release</Filter>
    </ClCompile>
    <ClCompile Include="helpActions.cpp">
      <Filter>Source Files</Filter>
    </ClCompile>
    <ClCompile Include="simulationActions.cpp">
      <Filter>Source Files</Filter>
    </ClCompile>
    <ClCompile Include="settingsActions.cpp">
      <Filter>Source Files</Filter>
    </ClCompile>
    <ClCompile Include="GeneratedFiles\Debug\moc_mainMenus.cpp">
      <Filter>Generated Files\Debug</Filter>
    </ClCompile>
    <ClCompile Include="GeneratedFiles\Release\moc_mainMenus.cpp">
      <Filter>Generated Files\Release</Filter>
    </ClCompile>
    <ClCompile Include="fileActions.cpp">
      <Filter>Source Files</Filter>
    </ClCompile>
    <ClCompile Include="scenarioFileUtil.cpp">
      <Filter>Source Files</Filter>
    </ClCompile>
    <ClCompile Include="autoHideDock.cpp">
      <Filter>Source Files</Filter>
    </ClCompile>
    <ClCompile Include="GeneratedFiles\Debug\moc_autoHideDock.cpp">
      <Filter>Generated Files\Debug</Filter>
    </ClCompile>
    <ClCompile Include="GeneratedFiles\Release\moc_autoHideDock.cpp">
      <Filter>Generated Files\Release</Filter>
    </ClCompile>
    <ClCompile Include="autoHidePanelItem.cpp">
      <Filter>Source Files</Filter>
    </ClCompile>
    <ClCompile Include="GeneratedFiles\Debug\moc_autoHidePanelItem.cpp">
      <Filter>Generated Files\Debug</Filter>
    </ClCompile>
    <ClCompile Include="GeneratedFiles\Release\moc_autoHidePanelItem.cpp">
      <Filter>Generated Files\Release</Filter>
    </ClCompile>
    <ClCompile Include="autoHidePanel.cpp">
      <Filter>Source Files</Filter>
    </ClCompile>
    <ClCompile Include="GeneratedFiles\Debug\moc_autoHidePanel.cpp">
      <Filter>Generated Files\Debug</Filter>
    </ClCompile>
    <ClCompile Include="GeneratedFiles\Release\moc_autoHidePanel.cpp">
      <Filter>Generated Files\Release</Filter>
    </ClCompile>
    <ClCompile Include="createActions.cpp">
      <Filter>Source Files</Filter>
    </ClCompile>
    <ClCompile Include="vrlConnectWidget.cpp">
      <Filter>Source Files</Filter>
    </ClCompile>
    <ClCompile Include="GeneratedFiles\Debug\moc_vrlConnectWidget.cpp">
      <Filter>Generated Files\Debug</Filter>
    </ClCompile>
    <ClCompile Include="GeneratedFiles\Release\moc_vrlConnectWidget.cpp">
      <Filter>Generated Files\Release</Filter>
    </ClCompile>
    <ClCompile Include="tacticalGraphicsWidget.cpp">
      <Filter>Source Files</Filter>
    </ClCompile>
    <ClCompile Include="GeneratedFiles\Debug\moc_tacticalGraphicsWidget.cpp">
      <Filter>Generated Files\Debug</Filter>
    </ClCompile>
    <ClCompile Include="GeneratedFiles\Release\moc_tacticalGraphicsWidget.cpp">
      <Filter>Generated Files\Release</Filter>
    </ClCompile>
    <ClCompile Include="scnProfileWidget.cpp">
      <Filter>Source Files</Filter>
    </ClCompile>
    <ClCompile Include="GeneratedFiles\Debug\moc_scnProfileWidget.cpp">
      <Filter>Generated Files\Debug</Filter>
    </ClCompile>
    <ClCompile Include="GeneratedFiles\Release\moc_scnProfileWidget.cpp">
      <Filter>Generated Files\Release</Filter>
    </ClCompile>
    <ClCompile Include="scnEnvironmentSettingsWidget.cpp">
      <Filter>Source Files</Filter>
    </ClCompile>
    <ClCompile Include="GeneratedFiles\Debug\moc_scnEnvironmentSettingsWidget.cpp">
      <Filter>Generated Files\Debug</Filter>
    </ClCompile>
    <ClCompile Include="GeneratedFiles\Release\moc_scnEnvironmentSettingsWidget.cpp">
      <Filter>Generated Files\Release</Filter>
    </ClCompile>
    <ClCompile Include="waitBackEngineWidget.cpp">
      <Filter>Source Files</Filter>
    </ClCompile>
    <ClCompile Include="GeneratedFiles\Debug\moc_waitBackEngineWidget.cpp">
      <Filter>Generated Files\Debug</Filter>
    </ClCompile>
    <ClCompile Include="GeneratedFiles\Release\moc_waitBackEngineWidget.cpp">
      <Filter>Generated Files\Release</Filter>
    </ClCompile>
    <ClCompile Include="hdoseSettingsWidget.cpp">
      <Filter>Source Files</Filter>
    </ClCompile>
    <ClCompile Include="GeneratedFiles\Debug\moc_hdoseSettingsWidget.cpp">
      <Filter>Generated Files\Debug</Filter>
    </ClCompile>
    <ClCompile Include="GeneratedFiles\Release\moc_hdoseSettingsWidget.cpp">
      <Filter>Generated Files\Release</Filter>
    </ClCompile>
    <ClCompile Include="localEntityWidget.cpp">
      <Filter>Source Files</Filter>
    </ClCompile>
    <ClCompile Include="GeneratedFiles\Debug\moc_localEntityWidget.cpp">
      <Filter>Generated Files\Debug</Filter>
    </ClCompile>
    <ClCompile Include="GeneratedFiles\Release\moc_localEntityWidget.cpp">
      <Filter>Generated Files\Release</Filter>
    </ClCompile>
    <ClCompile Include="entityTreeWidget.cpp">
      <Filter>Source Files</Filter>
    </ClCompile>
    <ClCompile Include="GeneratedFiles\Debug\moc_entityTreeWidget.cpp">
      <Filter>Generated Files\Debug</Filter>
    </ClCompile>
    <ClCompile Include="GeneratedFiles\Release\moc_entityTreeWidget.cpp">
      <Filter>Generated Files\Release</Filter>
    </ClCompile>
    <ClCompile Include="waitTaskWidget.cpp">
      <Filter>Source Files</Filter>
    </ClCompile>
    <ClCompile Include="GeneratedFiles\Debug\moc_waitTaskWidget.cpp">
      <Filter>Generated Files\Debug</Filter>
    </ClCompile>
    <ClCompile Include="GeneratedFiles\Release\moc_waitTaskWidget.cpp">
      <Filter>Generated Files\Release</Filter>
    </ClCompile>
    <ClCompile Include="cruiseTaskWidget.cpp">
      <Filter>Source Files</Filter>
    </ClCompile>
    <ClCompile Include="GeneratedFiles\Debug\moc_cruiseTaskWidget.cpp">
      <Filter>Generated Files\Debug</Filter>
    </ClCompile>
    <ClCompile Include="GeneratedFiles\Release\moc_cruiseTaskWidget.cpp">
      <Filter>Generated Files\Release</Filter>
    </ClCompile>
    <ClCompile Include="followTaskWidget.cpp">
      <Filter>Source Files</Filter>
    </ClCompile>
    <ClCompile Include="GeneratedFiles\Debug\moc_followTaskWidget.cpp">
      <Filter>Generated Files\Debug</Filter>
    </ClCompile>
    <ClCompile Include="GeneratedFiles\Release\moc_followTaskWidget.cpp">
      <Filter>Generated Files\Release</Filter>
    </ClCompile>
    <ClCompile Include="simTimeWidget.cpp">
      <Filter>Source Files</Filter>
    </ClCompile>
    <ClCompile Include="GeneratedFiles\Debug\moc_simTimeWidget.cpp">
      <Filter>Generated Files\Debug</Filter>
    </ClCompile>
    <ClCompile Include="GeneratedFiles\Release\moc_simTimeWidget.cpp">
      <Filter>Generated Files\Release</Filter>
    </ClCompile>
    <ClCompile Include="ctrlObjEditWidget.cpp">
      <Filter>Source Files</Filter>
    </ClCompile>
    <ClCompile Include="GeneratedFiles\Debug\moc_ctrlObjEditWidget.cpp">
      <Filter>Generated Files\Debug</Filter>
    </ClCompile>
    <ClCompile Include="GeneratedFiles\Release\moc_ctrlObjEditWidget.cpp">
      <Filter>Generated Files\Release</Filter>
    </ClCompile>
    <ClCompile Include="showControlWidget.cpp">
      <Filter>Source Files</Filter>
    </ClCompile>
    <ClCompile Include="GeneratedFiles\Debug\moc_showControlWidget.cpp">
      <Filter>Generated Files\Debug</Filter>
    </ClCompile>
    <ClCompile Include="GeneratedFiles\Release\moc_showControlWidget.cpp">
      <Filter>Generated Files\Release</Filter>
    </ClCompile>
    <ClCompile Include="objectIconManager.cpp">
      <Filter>Source Files</Filter>
    </ClCompile>
    <ClCompile Include="plot\curvedata.cpp">
      <Filter>Source Files\plot</Filter>
    </ClCompile>
    <ClCompile Include="plot\signaldata.cpp">
      <Filter>Source Files\plot</Filter>
    </ClCompile>
    <ClCompile Include="plot\ByyPlot.cpp">
      <Filter>Source Files\plot</Filter>
    </ClCompile>
    <ClCompile Include="GeneratedFiles\Debug\moc_ByyPlot.cpp">
      <Filter>Generated Files\Debug</Filter>
    </ClCompile>
    <ClCompile Include="GeneratedFiles\Release\moc_ByyPlot.cpp">
      <Filter>Generated Files\Release</Filter>
    </ClCompile>
    <ClCompile Include="GeneratedFiles\Debug\moc_sandboxPlacer.cpp">
      <Filter>Generated Files\Debug</Filter>
    </ClCompile>
    <ClCompile Include="GeneratedFiles\Release\moc_sandboxPlacer.cpp">
      <Filter>Generated Files\Release</Filter>
    </ClCompile>
    <ClCompile Include="displayManageWidget.cpp">
      <Filter>Source Files</Filter>
    </ClCompile>
    <ClCompile Include="GeneratedFiles\Debug\moc_displayManageWidget.cpp">
      <Filter>Generated Files\Debug</Filter>
    </ClCompile>
    <ClCompile Include="GeneratedFiles\Release\moc_displayManageWidget.cpp">
      <Filter>Generated Files\Release</Filter>
    </ClCompile>
    <ClCompile Include="ByyDescribeWidget.cpp">
      <Filter>Source Files</Filter>
    </ClCompile>
    <ClCompile Include="GeneratedFiles\Debug\moc_ByyDescribeWidget.cpp">
      <Filter>Generated Files\Debug</Filter>
    </ClCompile>
    <ClCompile Include="GeneratedFiles\Release\moc_ByyDescribeWidget.cpp">
      <Filter>Generated Files\Release</Filter>
    </ClCompile>
    <ClCompile Include="ByyDescComponentWidget.cpp">
      <Filter>Source Files</Filter>
    </ClCompile>
    <ClCompile Include="GeneratedFiles\Debug\moc_ByyDescComponentWidget.cpp">
      <Filter>Generated Files\Debug</Filter>
    </ClCompile>
    <ClCompile Include="GeneratedFiles\Release\moc_ByyDescComponentWidget.cpp">
      <Filter>Generated Files\Release</Filter>
    </ClCompile>
    <ClCompile Include="ByyEntitySensorWidget.cpp">
      <Filter>Source Files</Filter>
    </ClCompile>
    <ClCompile Include="GeneratedFiles\Debug\moc_ByyEntitySensorWidget.cpp">
      <Filter>Generated Files\Debug</Filter>
    </ClCompile>
    <ClCompile Include="GeneratedFiles\Release\moc_ByyEntitySensorWidget.cpp">
      <Filter>Generated Files\Release</Filter>
    </ClCompile>
    <ClCompile Include="ByyEntityInfoWidget.cpp">
      <Filter>Source Files</Filter>
    </ClCompile>
    <ClCompile Include="GeneratedFiles\Debug\moc_ByyEntityInfoWidget.cpp">
      <Filter>Generated Files\Debug</Filter>
    </ClCompile>
    <ClCompile Include="GeneratedFiles\Release\moc_ByyEntityInfoWidget.cpp">
      <Filter>Generated Files\Release</Filter>
    </ClCompile>
    <ClCompile Include="ByyEntityObserver.cpp">
      <Filter>Source Files</Filter>
    </ClCompile>
    <ClCompile Include="ByyEntityInfoBoxWidgt.cpp">
      <Filter>Source Files</Filter>
    </ClCompile>
    <ClCompile Include="GeneratedFiles\Debug\moc_ByyEntityInfoBoxWidgt.cpp">
      <Filter>Generated Files\Debug</Filter>
    </ClCompile>
    <ClCompile Include="GeneratedFiles\Release\moc_ByyEntityInfoBoxWidgt.cpp">
      <Filter>Generated Files\Release</Filter>
    </ClCompile>
    <ClCompile Include="ByyEditEntityWidget.cpp">
      <Filter>Source Files</Filter>
    </ClCompile>
    <ClCompile Include="GeneratedFiles\Debug\moc_ByyEditEntityWidget.cpp">
      <Filter>Generated Files\Debug</Filter>
    </ClCompile>
    <ClCompile Include="GeneratedFiles\Release\moc_ByyEditEntityWidget.cpp">
      <Filter>Generated Files\Release</Filter>
    </ClCompile>
    <ClCompile Include="ByyEntityOperator.cpp">
      <Filter>Source Files</Filter>
    </ClCompile>
    <ClCompile Include="GeneratedFiles\Debug\moc_ByyEntityOperator.cpp">
      <Filter>Generated Files\Debug</Filter>
    </ClCompile>
    <ClCompile Include="GeneratedFiles\Release\moc_ByyEntityOperator.cpp">
      <Filter>Generated Files\Release</Filter>
    </ClCompile>
    <ClCompile Include="GeneratedFiles\Debug\moc_ByyEntityObserver.cpp">
      <Filter>Generated Files\Debug</Filter>
    </ClCompile>
    <ClCompile Include="GeneratedFiles\Release\moc_ByyEntityObserver.cpp">
      <Filter>Generated Files\Release</Filter>
    </ClCompile>
    <ClCompile Include="ByyDetectTargetWidget.cpp">
      <Filter>Source Files</Filter>
    </ClCompile>
    <ClCompile Include="GeneratedFiles\Debug\moc_ByyDetectTargetWidget.cpp">
      <Filter>Generated Files\Debug</Filter>
    </ClCompile>
    <ClCompile Include="GeneratedFiles\Release\moc_ByyDetectTargetWidget.cpp">
      <Filter>Generated Files\Release</Filter>
    </ClCompile>
    <ClCompile Include="ByyWeaponControlWidget.cpp">
      <Filter>Source Files</Filter>
    </ClCompile>
    <ClCompile Include="GeneratedFiles\Debug\moc_ByyWeaponControlWidget.cpp">
      <Filter>Generated Files\Debug</Filter>
    </ClCompile>
    <ClCompile Include="GeneratedFiles\Release\moc_ByyWeaponControlWidget.cpp">
      <Filter>Generated Files\Release</Filter>
    </ClCompile>
    <ClCompile Include="measureActions.cpp">
      <Filter>Source Files</Filter>
    </ClCompile>
    <ClCompile Include="takeOffTaskWidget.cpp">
      <Filter>Source Files</Filter>
    </ClCompile>
    <ClCompile Include="GeneratedFiles\Debug\moc_takeOffTaskWidget.cpp">
      <Filter>Generated Files\Debug</Filter>
    </ClCompile>
    <ClCompile Include="GeneratedFiles\Release\moc_takeOffTaskWidget.cpp">
      <Filter>Generated Files\Release</Filter>
    </ClCompile>
    <ClCompile Include="returnBaseTaskWidget.cpp">
      <Filter>Source Files</Filter>
    </ClCompile>
    <ClCompile Include="GeneratedFiles\Debug\moc_returnBaseTaskWidget.cpp">
      <Filter>Generated Files\Debug</Filter>
    </ClCompile>
    <ClCompile Include="GeneratedFiles\Release\moc_returnBaseTaskWidget.cpp">
      <Filter>Generated Files\Release</Filter>
    </ClCompile>
    <ClCompile Include="ByyRemoteEntityCreateWidget.cpp">
      <Filter>Source Files</Filter>
    </ClCompile>
    <ClCompile Include="GeneratedFiles\Debug\moc_ByyRemoteEntityCreateWidget.cpp">
      <Filter>Generated Files\Debug</Filter>
    </ClCompile>
    <ClCompile Include="GeneratedFiles\Release\moc_ByyRemoteEntityCreateWidget.cpp">
      <Filter>Generated Files\Release</Filter>
    </ClCompile>
    <ClCompile Include="sensorOperTaskWidget.cpp">
      <Filter>Source Files</Filter>
    </ClCompile>
    <ClCompile Include="GeneratedFiles\Debug\moc_sensorOperTaskWidget.cpp">
      <Filter>Generated Files\Debug</Filter>
    </ClCompile>
    <ClCompile Include="GeneratedFiles\Release\moc_sensorOperTaskWidget.cpp">
      <Filter>Generated Files\Release</Filter>
    </ClCompile>
    <ClCompile Include="ByyEntityPlotWidget.cpp">
      <Filter>Source Files</Filter>
    </ClCompile>
    <ClCompile Include="GeneratedFiles\Debug\moc_ByyEntityPlotWidget.cpp">
      <Filter>Generated Files\Debug</Filter>
    </ClCompile>
    <ClCompile Include="GeneratedFiles\Release\moc_ByyEntityPlotWidget.cpp">
      <Filter>Generated Files\Release</Filter>
    </ClCompile>
    <ClCompile Include="ByyShowRoleWidget.cpp">
      <Filter>Source Files</Filter>
    </ClCompile>
    <ClCompile Include="GeneratedFiles\Debug\moc_ByyShowRoleWidget.cpp">
      <Filter>Generated Files\Debug</Filter>
    </ClCompile>
    <ClCompile Include="GeneratedFiles\Release\moc_ByyShowRoleWidget.cpp">
      <Filter>Generated Files\Release</Filter>
    </ClCompile>
    <ClCompile Include="ByyOutputWidget.cpp">
      <Filter>Source Files</Filter>
    </ClCompile>
    <ClCompile Include="GeneratedFiles\Debug\moc_ByyOutputWidget.cpp">
      <Filter>Generated Files\Debug</Filter>
    </ClCompile>
    <ClCompile Include="GeneratedFiles\Release\moc_ByyOutputWidget.cpp">
      <Filter>Generated Files\Release</Filter>
    </ClCompile>
    <ClCompile Include="ByyControlObjectOperator.cpp">
      <Filter>Source Files</Filter>
    </ClCompile>
    <ClCompile Include="GeneratedFiles\Debug\moc_ByyControlObjectOperator.cpp">
      <Filter>Generated Files\Debug</Filter>
    </ClCompile>
    <ClCompile Include="GeneratedFiles\Release\moc_ByyControlObjectOperator.cpp">
      <Filter>Generated Files\Release</Filter>
    </ClCompile>
    <ClCompile Include="ByySimMultipleWidget.cpp">
      <Filter>Source Files</Filter>
    </ClCompile>
    <ClCompile Include="GeneratedFiles\Debug\moc_ByySimMultipleWidget.cpp">
      <Filter>Generated Files\Debug</Filter>
    </ClCompile>
    <ClCompile Include="GeneratedFiles\Release\moc_ByySimMultipleWidget.cpp">
      <Filter>Generated Files\Release</Filter>
    </ClCompile>
    <ClCompile Include="GeneratedFiles\Debug\moc_XDynamicTestThread.cpp">
      <Filter>Generated Files\Debug</Filter>
    </ClCompile>
    <ClCompile Include="GeneratedFiles\Release\moc_XDynamicTestThread.cpp">
      <Filter>Generated Files\Release</Filter>
    </ClCompile>
    <ClCompile Include="GeneratedFiles\Debug\moc_XTest_GISWnd.cpp">
      <Filter>Generated Files\Debug</Filter>
    </ClCompile>
    <ClCompile Include="GeneratedFiles\Release\moc_XTest_GISWnd.cpp">
      <Filter>Generated Files\Release</Filter>
    </ClCompile>
    <ClCompile Include="XFrame\XDynamicEntity.cpp">
      <Filter>Source Files\XFrame</Filter>
    </ClCompile>
    <ClCompile Include="XFrame\XDynamicTestThread.cpp">
      <Filter>Source Files\XFrame</Filter>
    </ClCompile>
    <ClCompile Include="XFrame\XTest_GISWnd.cpp">
      <Filter>Source Files\XFrame</Filter>
    </ClCompile>
    <ClCompile Include="GeneratedFiles\qrc_XTest_GISWnd.cpp">
      <Filter>Generated Files</Filter>
    </ClCompile>
    <ClCompile Include="GeneratedFiles\Debug\moc_XHTManagerWnd.cpp">
      <Filter>Generated Files\Debug</Filter>
    </ClCompile>
    <ClCompile Include="GeneratedFiles\Release\moc_XHTManagerWnd.cpp">
      <Filter>Generated Files\Release</Filter>
    </ClCompile>
    <ClCompile Include="XFrame\ChartManager\XHTManagerWnd.cpp">
      <Filter>Source Files\XFrame\ChartManager</Filter>
    </ClCompile>
    <ClCompile Include="ByyQGis2DApdater.cpp">
      <Filter>Source Files</Filter>
    </ClCompile>
    <ClCompile Include="GeneratedFiles\Debug\moc_ByyQGis2DApdater.cpp">
      <Filter>Generated Files\Debug</Filter>
    </ClCompile>
    <ClCompile Include="GeneratedFiles\Release\moc_ByyQGis2DApdater.cpp">
      <Filter>Generated Files\Release</Filter>
    </ClCompile>
    <ClCompile Include="comApp.cpp">
      <Filter>Source Files</Filter>
    </ClCompile>
    <ClCompile Include="GeneratedFiles\Debug\moc_comApp.cpp">
      <Filter>Generated Files\Debug</Filter>
    </ClCompile>
    <ClCompile Include="GeneratedFiles\Release\moc_comApp.cpp">
      <Filter>Generated Files\Release</Filter>
    </ClCompile>
    <ClCompile Include="indexNode.cpp">
      <Filter>Source Files</Filter>
    </ClCompile>
    <ClCompile Include="indexsubwidget.cpp">
      <Filter>Source Files</Filter>
    </ClCompile>
    <ClCompile Include="GeneratedFiles\Debug\moc_indexNode.cpp">
      <Filter>Generated Files\Debug</Filter>
    </ClCompile>
    <ClCompile Include="GeneratedFiles\Release\moc_indexNode.cpp">
      <Filter>Generated Files\Release</Filter>
    </ClCompile>
    <ClCompile Include="indexwidget.cpp">
      <Filter>Source Files</Filter>
    </ClCompile>
    <ClCompile Include="GeneratedFiles\Debug\moc_indexsubwidget.cpp">
      <Filter>Generated Files\Debug</Filter>
    </ClCompile>
    <ClCompile Include="GeneratedFiles\Release\moc_indexsubwidget.cpp">
      <Filter>Generated Files\Release</Filter>
    </ClCompile>
    <ClCompile Include="GeneratedFiles\Debug\moc_indexwidget.cpp">
      <Filter>Generated Files\Debug</Filter>
    </ClCompile>
    <ClCompile Include="GeneratedFiles\Release\moc_indexwidget.cpp">
      <Filter>Generated Files\Release</Filter>
    </ClCompile>
    <ClCompile Include="missileLineWidget.cpp">
      <Filter>Source Files</Filter>
    </ClCompile>
    <ClCompile Include="statisticsWidget.cpp">
      <Filter>Source Files</Filter>
    </ClCompile>
    <ClCompile Include="GeneratedFiles\Debug\moc_statisticsWidget.cpp">
      <Filter>Generated Files\Debug</Filter>
    </ClCompile>
    <ClCompile Include="GeneratedFiles\Release\moc_statisticsWidget.cpp">
      <Filter>Generated Files\Release</Filter>
    </ClCompile>
    <ClCompile Include="GeneratedFiles\Debug\moc_missileLineWidget.cpp">
      <Filter>Generated Files\Debug</Filter>
    </ClCompile>
    <ClCompile Include="GeneratedFiles\Release\moc_missileLineWidget.cpp">
      <Filter>Generated Files\Release</Filter>
    </ClCompile>
    <ClCompile Include="BTFile\behaviortreeeditwdg.cpp">
      <Filter>Source Files\BehaviorTree</Filter>
    </ClCompile>
    <ClCompile Include="BTFile\behaviortreetablewidgetdelegate.cpp">
      <Filter>Source Files\BehaviorTree</Filter>
    </ClCompile>
    <ClCompile Include="BTFile\behaviortreetaskdlg.cpp">
      <Filter>Source Files\BehaviorTree</Filter>
    </ClCompile>
    <ClCompile Include="BTFile\behaviortreetriggerdlg.cpp">
      <Filter>Source Files\BehaviorTree</Filter>
    </ClCompile>
    <ClCompile Include="BTFile\behaviortreetriggernudlg.cpp">
      <Filter>Source Files\BehaviorTree</Filter>
    </ClCompile>
    <ClCompile Include="BTFile\btnbreak.cpp">
      <Filter>Source Files\BehaviorTree</Filter>
    </ClCompile>
    <ClCompile Include="BTFile\btncompose.cpp">
      <Filter>Source Files\BehaviorTree</Filter>
    </ClCompile>
    <ClCompile Include="BTFile\btncondition.cpp">
      <Filter>Source Files\BehaviorTree</Filter>
    </ClCompile>
    <ClCompile Include="BTFile\btnend.cpp">
      <Filter>Source Files\BehaviorTree</Filter>
    </ClCompile>
    <ClCompile Include="BTFile\btnloop.cpp">
      <Filter>Source Files\BehaviorTree</Filter>
    </ClCompile>
    <ClCompile Include="BTFile\btnroot.cpp">
      <Filter>Source Files\BehaviorTree</Filter>
    </ClCompile>
    <ClCompile Include="BTFile\btntime.cpp">
      <Filter>Source Files\BehaviorTree</Filter>
    </ClCompile>
    <ClCompile Include="BTFile\btntrigger.cpp">
      <Filter>Source Files\BehaviorTree</Filter>
    </ClCompile>
    <ClCompile Include="BTFile\forcetask.cpp">
      <Filter>Source Files\BehaviorTree</Filter>
    </ClCompile>
    <ClCompile Include="GeneratedFiles\Debug\moc_behaviortreeeditwdg.cpp">
      <Filter>Generated Files\Debug</Filter>
    </ClCompile>
    <ClCompile Include="GeneratedFiles\Release\moc_behaviortreeeditwdg.cpp">
      <Filter>Generated Files\Release</Filter>
    </ClCompile>
    <ClCompile Include="GeneratedFiles\Debug\moc_behaviortreetablewidgetdelegate.cpp">
      <Filter>Generated Files\Debug</Filter>
    </ClCompile>
    <ClCompile Include="GeneratedFiles\Release\moc_behaviortreetablewidgetdelegate.cpp">
      <Filter>Generated Files\Release</Filter>
    </ClCompile>
    <ClCompile Include="GeneratedFiles\Debug\moc_behaviortreetaskdlg.cpp">
      <Filter>Generated Files\Debug</Filter>
    </ClCompile>
    <ClCompile Include="GeneratedFiles\Release\moc_behaviortreetaskdlg.cpp">
      <Filter>Generated Files\Release</Filter>
    </ClCompile>
    <ClCompile Include="GeneratedFiles\Debug\moc_behaviortreetriggerdlg.cpp">
      <Filter>Generated Files\Debug</Filter>
    </ClCompile>
    <ClCompile Include="GeneratedFiles\Release\moc_behaviortreetriggerdlg.cpp">
      <Filter>Generated Files\Release</Filter>
    </ClCompile>
    <ClCompile Include="GeneratedFiles\Debug\moc_behaviortreetriggernudlg.cpp">
      <Filter>Generated Files\Debug</Filter>
    </ClCompile>
    <ClCompile Include="GeneratedFiles\Release\moc_behaviortreetriggernudlg.cpp">
      <Filter>Generated Files\Release</Filter>
    </ClCompile>
    <ClCompile Include="GeneratedFiles\Debug\moc_btnbreak.cpp">
      <Filter>Generated Files\Debug</Filter>
    </ClCompile>
    <ClCompile Include="GeneratedFiles\Release\moc_btnbreak.cpp">
      <Filter>Generated Files\Release</Filter>
    </ClCompile>
    <ClCompile Include="GeneratedFiles\Debug\moc_btncompose.cpp">
      <Filter>Generated Files\Debug</Filter>
    </ClCompile>
    <ClCompile Include="GeneratedFiles\Release\moc_btncompose.cpp">
      <Filter>Generated Files\Release</Filter>
    </ClCompile>
    <ClCompile Include="GeneratedFiles\Debug\moc_btncondition.cpp">
      <Filter>Generated Files\Debug</Filter>
    </ClCompile>
    <ClCompile Include="GeneratedFiles\Release\moc_btncondition.cpp">
      <Filter>Generated Files\Release</Filter>
    </ClCompile>
    <ClCompile Include="GeneratedFiles\Debug\moc_btnend.cpp">
      <Filter>Generated Files\Debug</Filter>
    </ClCompile>
    <ClCompile Include="GeneratedFiles\Release\moc_btnend.cpp">
      <Filter>Generated Files\Release</Filter>
    </ClCompile>
    <ClCompile Include="GeneratedFiles\Debug\moc_btnloop.cpp">
      <Filter>Generated Files\Debug</Filter>
    </ClCompile>
    <ClCompile Include="GeneratedFiles\Release\moc_btnloop.cpp">
      <Filter>Generated Files\Release</Filter>
    </ClCompile>
    <ClCompile Include="GeneratedFiles\Debug\moc_btnroot.cpp">
      <Filter>Generated Files\Debug</Filter>
    </ClCompile>
    <ClCompile Include="GeneratedFiles\Release\moc_btnroot.cpp">
      <Filter>Generated Files\Release</Filter>
    </ClCompile>
    <ClCompile Include="GeneratedFiles\Debug\moc_btntime.cpp">
      <Filter>Generated Files\Debug</Filter>
    </ClCompile>
    <ClCompile Include="GeneratedFiles\Release\moc_btntime.cpp">
      <Filter>Generated Files\Release</Filter>
    </ClCompile>
    <ClCompile Include="GeneratedFiles\Debug\moc_btntrigger.cpp">
      <Filter>Generated Files\Debug</Filter>
    </ClCompile>
    <ClCompile Include="GeneratedFiles\Release\moc_btntrigger.cpp">
      <Filter>Generated Files\Release</Filter>
    </ClCompile>
    <ClCompile Include="GeneratedFiles\Debug\moc_forcetask.cpp">
      <Filter>Generated Files\Debug</Filter>
    </ClCompile>
    <ClCompile Include="GeneratedFiles\Release\moc_forcetask.cpp">
      <Filter>Generated Files\Release</Filter>
    </ClCompile>
    <ClCompile Include="CustomDelegate.cpp">
      <Filter>Source Files</Filter>
    </ClCompile>
    <ClCompile Include="GeneratedFiles\Debug\moc_CustomDelegate.cpp">
      <Filter>Generated Files\Debug</Filter>
    </ClCompile>
    <ClCompile Include="GeneratedFiles\Release\moc_CustomDelegate.cpp">
      <Filter>Generated Files\Release</Filter>
    </ClCompile>
    <ClCompile Include="Formation\formationAddDialog.cpp">
      <Filter>Source Files\Formation</Filter>
    </ClCompile>
    <ClCompile Include="Formation\formationImage.cpp">
      <Filter>Source Files\Formation</Filter>
    </ClCompile>
    <ClCompile Include="Formation\formationWidget.cpp">
      <Filter>Source Files\Formation</Filter>
    </ClCompile>
    <ClCompile Include="Formation\uinitsGraphicsItem.cpp">
      <Filter>Source Files\Formation</Filter>
    </ClCompile>
    <ClCompile Include="Formation\unitsGraphicsScene.cpp">
      <Filter>Source Files\Formation</Filter>
    </ClCompile>
    <ClCompile Include="Formation\unitsGraphicsView.cpp">
      <Filter>Source Files\Formation</Filter>
    </ClCompile>
    <ClCompile Include="GeneratedFiles\Debug\moc_formationAddDialog.cpp">
      <Filter>Generated Files\Debug</Filter>
    </ClCompile>
    <ClCompile Include="GeneratedFiles\Release\moc_formationAddDialog.cpp">
      <Filter>Generated Files\Release</Filter>
    </ClCompile>
    <ClCompile Include="GeneratedFiles\Debug\moc_formationImage.cpp">
      <Filter>Generated Files\Debug</Filter>
    </ClCompile>
    <ClCompile Include="GeneratedFiles\Release\moc_formationImage.cpp">
      <Filter>Generated Files\Release</Filter>
    </ClCompile>
    <ClCompile Include="GeneratedFiles\Debug\moc_formationWidget.cpp">
      <Filter>Generated Files\Debug</Filter>
    </ClCompile>
    <ClCompile Include="GeneratedFiles\Release\moc_formationWidget.cpp">
      <Filter>Generated Files\Release</Filter>
    </ClCompile>
    <ClCompile Include="GeneratedFiles\Debug\moc_uinitsGraphicsItem.cpp">
      <Filter>Generated Files\Debug</Filter>
    </ClCompile>
    <ClCompile Include="GeneratedFiles\Release\moc_uinitsGraphicsItem.cpp">
      <Filter>Generated Files\Release</Filter>
    </ClCompile>
    <ClCompile Include="GeneratedFiles\Debug\moc_unitsGraphicsScene.cpp">
      <Filter>Generated Files\Debug</Filter>
    </ClCompile>
    <ClCompile Include="GeneratedFiles\Release\moc_unitsGraphicsScene.cpp">
      <Filter>Generated Files\Release</Filter>
    </ClCompile>
    <ClCompile Include="GeneratedFiles\Debug\moc_unitsGraphicsView.cpp">
      <Filter>Generated Files\Debug</Filter>
    </ClCompile>
    <ClCompile Include="GeneratedFiles\Release\moc_unitsGraphicsView.cpp">
      <Filter>Generated Files\Release</Filter>
    </ClCompile>
    <ClCompile Include="Verdict.cpp">
      <Filter>Source Files</Filter>
    </ClCompile>
    <ClCompile Include="GeneratedFiles\Debug\moc_Verdict.cpp">
      <Filter>Generated Files\Debug</Filter>
    </ClCompile>
    <ClCompile Include="GeneratedFiles\Release\moc_Verdict.cpp">
      <Filter>Generated Files\Release</Filter>
    </ClCompile>
    <ClCompile Include="GeneratedFiles\Release\moc_EntityAlert.cpp">
      <Filter>Generated Files</Filter>
    </ClCompile>
    <ClCompile Include="verdictwidgets\VerdictBaseWidget.cpp">
      <Filter>Source Files\verdictwidgets</Filter>
    </ClCompile>
    <ClCompile Include="GeneratedFiles\Release\moc_VerdictBaseWidget.cpp">
      <Filter>Generated Files</Filter>
    </ClCompile>
    <ClCompile Include="verdictwidgets\AirCombatAdvantageCalculation.cpp">
      <Filter>Source Files\verdictwidgets</Filter>
    </ClCompile>
    <ClCompile Include="verdictwidgets\AircraftTargetTracking.cpp">
      <Filter>Source Files\verdictwidgets</Filter>
    </ClCompile>
    <ClCompile Include="verdictwidgets\CollisionDetection.cpp">
      <Filter>Source Files\verdictwidgets</Filter>
    </ClCompile>
    <ClCompile Include="verdictwidgets\DepthChargeVsSubmarineDamageCalculation.cpp">
      <Filter>Source Files\verdictwidgets</Filter>
    </ClCompile>
    <ClCompile Include="verdictwidgets\ExercisePartyAlert.cpp">
      <Filter>Source Files\verdictwidgets</Filter>
    </ClCompile>
    <ClCompile Include="verdictwidgets\ExitJudgment.cpp">
      <Filter>Source Files\verdictwidgets</Filter>
    </ClCompile>
    <ClCompile Include="verdictwidgets\FireControlLockingCalculation.cpp">
      <Filter>Source Files\verdictwidgets</Filter>
    </ClCompile>
    <ClCompile Include="verdictwidgets\MissileHitProbabilityCalculation.cpp">
      <Filter>Source Files\verdictwidgets</Filter>
    </ClCompile>
    <ClCompile Include="verdictwidgets\MissileTargetTracking.cpp">
      <Filter>Source Files\verdictwidgets</Filter>
    </ClCompile>
    <ClCompile Include="verdictwidgets\MissileVsShipDamageCalculation.cpp">
      <Filter>Source Files\verdictwidgets</Filter>
    </ClCompile>
    <ClCompile Include="verdictwidgets\NavalEquipmentStatusJudgment.cpp">
      <Filter>Source Files\verdictwidgets</Filter>
    </ClCompile>
    <ClCompile Include="verdictwidgets\SensorAlarmCalculation.cpp">
      <Filter>Source Files\verdictwidgets</Filter>
    </ClCompile>
    <ClCompile Include="verdictwidgets\SubmarineEquipmentStatusJudgment.cpp">
      <Filter>Source Files\verdictwidgets</Filter>
    </ClCompile>
    <ClCompile Include="verdictwidgets\TorpedoVsShipDamageCalculation.cpp">
      <Filter>Source Files\verdictwidgets</Filter>
    </ClCompile>
    <ClCompile Include="verdictwidgets\TorpedoVsSubmarineDamageCalculation.cpp">
      <Filter>Source Files\verdictwidgets</Filter>
    </ClCompile>
    <ClCompile Include="verdictwidgets\WarDamageStatistics.cpp">
      <Filter>Source Files\verdictwidgets</Filter>
    </ClCompile>
    <ClCompile Include="verdictwidgets\EntityAlert.cpp">
      <Filter>Source Files\verdictwidgets</Filter>
    </ClCompile>
    <ClCompile Include="GeneratedFiles\Release\moc_NavalEquipmentStatusJudgment.cpp">
      <Filter>Generated Files</Filter>
    </ClCompile>
    <ClCompile Include="GeneratedFiles\Release\moc_SensorAlarmCalculation.cpp">
      <Filter>Generated Files</Filter>
    </ClCompile>
    <ClCompile Include="GeneratedFiles\Release\moc_SubmarineEquipmentStatusJudgment.cpp">
      <Filter>Generated Files</Filter>
    </ClCompile>
    <ClCompile Include="GeneratedFiles\Release\moc_TorpedoVsShipDamageCalculation.cpp">
      <Filter>Generated Files</Filter>
    </ClCompile>
    <ClCompile Include="GeneratedFiles\Release\moc_TorpedoVsSubmarineDamageCalculation.cpp">
      <Filter>Generated Files</Filter>
    </ClCompile>
    <ClCompile Include="GeneratedFiles\Release\moc_WarDamageStatistics.cpp">
      <Filter>Generated Files</Filter>
    </ClCompile>
    <ClCompile Include="GeneratedFiles\Release\moc_AirCombatAdvantageCalculation.cpp">
      <Filter>Generated Files</Filter>
    </ClCompile>
    <ClCompile Include="GeneratedFiles\Release\moc_AircraftTargetTracking.cpp">
      <Filter>Generated Files</Filter>
    </ClCompile>
    <ClCompile Include="GeneratedFiles\Release\moc_CollisionDetection.cpp">
      <Filter>Generated Files</Filter>
    </ClCompile>
    <ClCompile Include="GeneratedFiles\Release\moc_DepthChargeVsSubmarineDamageCalculation.cpp">
      <Filter>Generated Files</Filter>
    </ClCompile>
    <ClCompile Include="GeneratedFiles\Release\moc_ExercisePartyAlert.cpp">
      <Filter>Generated Files</Filter>
    </ClCompile>
    <ClCompile Include="GeneratedFiles\Release\moc_ExitJudgment.cpp">
      <Filter>Generated Files</Filter>
    </ClCompile>
    <ClCompile Include="GeneratedFiles\Release\moc_FireControlLockingCalculation.cpp">
      <Filter>Generated Files</Filter>
    </ClCompile>
    <ClCompile Include="GeneratedFiles\Release\moc_MissileHitProbabilityCalculation.cpp">
      <Filter>Generated Files</Filter>
    </ClCompile>
    <ClCompile Include="GeneratedFiles\Release\moc_MissileTargetTracking.cpp">
      <Filter>Generated Files</Filter>
    </ClCompile>
    <ClCompile Include="GeneratedFiles\Release\moc_MissileVsShipDamageCalculation.cpp">
      <Filter>Generated Files</Filter>
    </ClCompile>
    <ClCompile Include="GeneratedFiles\Debug\moc_VerdictBaseData.cpp">
      <Filter>Generated Files\Debug</Filter>
    </ClCompile>
    <ClCompile Include="GeneratedFiles\Release\moc_VerdictBaseData.cpp">
      <Filter>Generated Files\Release</Filter>
    </ClCompile>
    <ClCompile Include="verdictwidgets\VerdictBaseData.cpp">
      <Filter>Source Files\verdictwidgets</Filter>
    </ClCompile>
    <ClCompile Include="tcpServer.cpp">
      <Filter>Source Files</Filter>
    </ClCompile>
    <ClCompile Include="GeneratedFiles\Debug\moc_tcpServer.cpp">
      <Filter>Generated Files\Debug</Filter>
    </ClCompile>
    <ClCompile Include="GeneratedFiles\Release\moc_tcpServer.cpp">
      <Filter>Generated Files\Release</Filter>
    </ClCompile>
    <ClCompile Include="GeneratedFiles\Debug\moc_settingsActions.cpp">
      <Filter>Generated Files\Debug</Filter>
    </ClCompile>
    <ClCompile Include="GeneratedFiles\Release\moc_settingsActions.cpp">
      <Filter>Generated Files\Release</Filter>
    </ClCompile>
    <ClCompile Include="logDialog.cpp">
      <Filter>Source Files</Filter>
    </ClCompile>
    <ClCompile Include="GeneratedFiles\Debug\moc_logDialog.cpp">
      <Filter>Generated Files\Debug</Filter>
    </ClCompile>
    <ClCompile Include="GeneratedFiles\Release\moc_logDialog.cpp">
      <Filter>Generated Files\Release</Filter>
    </ClCompile>
    <ClCompile Include="signalSingleton.cpp">
      <Filter>Source Files</Filter>
    </ClCompile>
    <ClCompile Include="GeneratedFiles\Debug\moc_signalSingleton.cpp">
      <Filter>Generated Files\Debug</Filter>
    </ClCompile>
    <ClCompile Include="GeneratedFiles\Release\moc_signalSingleton.cpp">
      <Filter>Generated Files\Release</Filter>
    </ClCompile>
    <ClCompile Include="ClientA.cpp">
      <Filter>Source Files</Filter>
    </ClCompile>
    <ClCompile Include="GeneratedFiles\Debug\moc_ClientA.cpp">
      <Filter>Generated Files\Debug</Filter>
    </ClCompile>
    <ClCompile Include="GeneratedFiles\Release\moc_ClientA.cpp">
      <Filter>Generated Files\Release</Filter>
    </ClCompile>
    <ClCompile Include="ClientB.cpp">
      <Filter>Source Files</Filter>
    </ClCompile>
    <ClCompile Include="GeneratedFiles\Debug\moc_ClientB.cpp">
      <Filter>Generated Files\Debug</Filter>
    </ClCompile>
    <ClCompile Include="GeneratedFiles\Release\moc_ClientB.cpp">
      <Filter>Generated Files\Release</Filter>
    </ClCompile>
    <ClCompile Include="ScenarioMerger.cpp">
      <Filter>Source Files</Filter>
    </ClCompile>
    <ClCompile Include="GeneratedFiles\Debug\moc_ScenarioMerger.cpp">
      <Filter>Generated Files\Debug</Filter>
    </ClCompile>
    <ClCompile Include="GeneratedFiles\Release\moc_ScenarioMerger.cpp">
      <Filter>Generated Files\Release</Filter>
    </ClCompile>
    <ClCompile Include="GeneratedFiles\Debug\moc_EntityControlPanel.cpp">
      <Filter>Generated Files\Debug</Filter>
    </ClCompile>
    <ClCompile Include="GeneratedFiles\Release\moc_EntityControlPanel.cpp">
      <Filter>Generated Files\Release</Filter>
    </ClCompile>
    <ClCompile Include="EntityControlPanel.cpp">
      <Filter>Source Files</Filter>
    </ClCompile>
  </ItemGroup>
  <ItemGroup>
    <CustomBuild Include="mainWindow.h">
      <Filter>Header Files</Filter>
    </CustomBuild>
    <CustomBuild Include="snig.qrc">
      <Filter>Resource Files</Filter>
    </CustomBuild>
    <CustomBuild Include="layersControlWidget.h">
      <Filter>Header Files</Filter>
    </CustomBuild>
    <CustomBuild Include="textEditDialog.ui">
      <Filter>Form Files</Filter>
    </CustomBuild>
    <CustomBuild Include="audioSettingsDialog.ui">
      <Filter>Form Files</Filter>
    </CustomBuild>
    <CustomBuild Include="audioSettingsDialog.h">
      <Filter>Header Files</Filter>
    </CustomBuild>
    <CustomBuild Include="stereoSettingsDialog.h">
      <Filter>Header Files</Filter>
    </CustomBuild>
    <CustomBuild Include="stereoSettingsDialog.ui">
      <Filter>Form Files</Filter>
    </CustomBuild>
    <CustomBuild Include="connectDialog.ui">
      <Filter>Form Files</Filter>
    </CustomBuild>
    <CustomBuild Include="hla13ConnectWidget.ui">
      <Filter>Form Files</Filter>
    </CustomBuild>
    <CustomBuild Include="observerInfoWidget.ui">
      <Filter>Form Files</Filter>
    </CustomBuild>
    <CustomBuild Include="viewpointWidget.h">
      <Filter>Header Files</Filter>
    </CustomBuild>
    <CustomBuild Include="viewpointWidget.ui">
      <Filter>Form Files</Filter>
    </CustomBuild>
    <CustomBuild Include="terrainEffectsWidget.ui">
      <Filter>Form Files</Filter>
    </CustomBuild>
    <CustomBuild Include="cameraAnimationWidget.h">
      <Filter>Header Files</Filter>
    </CustomBuild>
    <CustomBuild Include="cameraAnimationWidget.ui">
      <Filter>Form Files</Filter>
    </CustomBuild>
    <CustomBuild Include="screenRecordWidget.h">
      <Filter>Header Files</Filter>
    </CustomBuild>
    <CustomBuild Include="screenRecordWidget.ui">
      <Filter>Form Files</Filter>
    </CustomBuild>
    <CustomBuild Include="measureWidget.h">
      <Filter>Header Files</Filter>
    </CustomBuild>
    <CustomBuild Include="measureWidget.ui">
      <Filter>Form Files</Filter>
    </CustomBuild>
    <CustomBuild Include="annotationDialogs.h">
      <Filter>Header Files</Filter>
    </CustomBuild>
    <CustomBuild Include="environmentWidget.ui">
      <Filter>Form Files</Filter>
    </CustomBuild>
    <CustomBuild Include="environmentWidget.h">
      <Filter>Header Files</Filter>
    </CustomBuild>
    <CustomBuild Include="sandboxPlacer.h">
      <Filter>Header Files</Filter>
    </CustomBuild>
    <CustomBuild Include="viewpointEditWidget.h">
      <Filter>Header Files</Filter>
    </CustomBuild>
    <CustomBuild Include="viewpointEditWidget.ui">
      <Filter>Form Files</Filter>
    </CustomBuild>
    <CustomBuild Include="animationPathEditWidget.h">
      <Filter>Header Files</Filter>
    </CustomBuild>
    <CustomBuild Include="animationPathEditWidget.ui">
      <Filter>Form Files</Filter>
    </CustomBuild>
    <CustomBuild Include="sandboxWidget.h">
      <Filter>Header Files</Filter>
    </CustomBuild>
    <CustomBuild Include="sandboxWidget.ui">
      <Filter>Form Files</Filter>
    </CustomBuild>
    <CustomBuild Include="sandboxForceDisplay.ui">
      <Filter>Form Files</Filter>
    </CustomBuild>
    <CustomBuild Include="layersControlWidget.ui">
      <Filter>Form Files</Filter>
    </CustomBuild>
    <CustomBuild Include="entityObjectWidget.h">
      <Filter>Header Files</Filter>
    </CustomBuild>
    <CustomBuild Include="entityObjectWidget.ui">
      <Filter>Form Files</Filter>
    </CustomBuild>
    <CustomBuild Include="terrainEffectWidget.h">
      <Filter>Header Files</Filter>
    </CustomBuild>
    <CustomBuild Include="assembleWidget.h">
      <Filter>Header Files</Filter>
    </CustomBuild>
    <CustomBuild Include="assembleWidget.ui">
      <Filter>Form Files</Filter>
    </CustomBuild>
    <CustomBuild Include="entObjEditWidget.ui">
      <Filter>Form Files</Filter>
    </CustomBuild>
    <CustomBuild Include="entityTaskWidget.h">
      <Filter>Header Files</Filter>
    </CustomBuild>
    <CustomBuild Include="entityTaskWidget.ui">
      <Filter>Form Files</Filter>
    </CustomBuild>
    <CustomBuild Include="moveToTaskWidget.h">
      <Filter>Header Files</Filter>
    </CustomBuild>
    <CustomBuild Include="moveToTaskWidget.ui">
      <Filter>Form Files</Filter>
    </CustomBuild>
    <CustomBuild Include="taskEditorWidget.h">
      <Filter>Header Files</Filter>
    </CustomBuild>
    <CustomBuild Include="objectListWidget.h">
      <Filter>Header Files</Filter>
    </CustomBuild>
    <CustomBuild Include="controlObjectWidget.h">
      <Filter>Header Files</Filter>
    </CustomBuild>
    <CustomBuild Include="controlObjectWidget.ui">
      <Filter>Form Files</Filter>
    </CustomBuild>
    <CustomBuild Include="mouseCoordsWidget.h">
      <Filter>Header Files</Filter>
    </CustomBuild>
    <CustomBuild Include="mouseCoordsWidget.ui">
      <Filter>Form Files</Filter>
    </CustomBuild>
    <CustomBuild Include="dockToolBar.ui">
      <Filter>Form Files</Filter>
    </CustomBuild>
    <CustomBuild Include="patrolRouteTaskWidget.h">
      <Filter>Header Files</Filter>
    </CustomBuild>
    <CustomBuild Include="patrolRouteTaskWidget.ui">
      <Filter>Form Files</Filter>
    </CustomBuild>
    <CustomBuild Include="patrolAreaTaskWidget.h">
      <Filter>Header Files</Filter>
    </CustomBuild>
    <CustomBuild Include="patrolAreaTaskWidget.ui">
      <Filter>Form Files</Filter>
    </CustomBuild>
    <CustomBuild Include="moveAlongRouteTaskWidget.h">
      <Filter>Header Files</Filter>
    </CustomBuild>
    <CustomBuild Include="moveAlongRouteTaskWidget.ui">
      <Filter>Form Files</Filter>
    </CustomBuild>
    <CustomBuild Include="launchMissileTaskWidget.h">
      <Filter>Header Files</Filter>
    </CustomBuild>
    <CustomBuild Include="launchMissileTaskWidget.ui">
      <Filter>Form Files</Filter>
    </CustomBuild>
    <CustomBuild Include="ByyAction.h">
      <Filter>Header Files</Filter>
    </CustomBuild>
    <CustomBuild Include="simulationActions.h">
      <Filter>Header Files</Filter>
    </CustomBuild>
    <CustomBuild Include="settingsActions.h">
      <Filter>Header Files</Filter>
    </CustomBuild>
    <CustomBuild Include="mainMenus.h">
      <Filter>Header Files</Filter>
    </CustomBuild>
    <CustomBuild Include="fileActions.h">
      <Filter>Header Files</Filter>
    </CustomBuild>
    <CustomBuild Include="autoHideDock.h">
      <Filter>Header Files</Filter>
    </CustomBuild>
    <CustomBuild Include="autoHidePanelItem.h">
      <Filter>Header Files</Filter>
    </CustomBuild>
    <CustomBuild Include="autoHidePanel.h">
      <Filter>Header Files</Filter>
    </CustomBuild>
    <CustomBuild Include="createActions.h">
      <Filter>Header Files</Filter>
    </CustomBuild>
    <CustomBuild Include="vrlConnectWidget.h">
      <Filter>Header Files</Filter>
    </CustomBuild>
    <CustomBuild Include="vrlConnectWidget.ui">
      <Filter>Form Files</Filter>
    </CustomBuild>
    <CustomBuild Include="tacticalGraphicsWidget.h">
      <Filter>Header Files</Filter>
    </CustomBuild>
    <CustomBuild Include="tacticalGraphicsWidget.ui">
      <Filter>Form Files</Filter>
    </CustomBuild>
    <CustomBuild Include="scnProfileWidget.h">
      <Filter>Header Files</Filter>
    </CustomBuild>
    <CustomBuild Include="scnProfileWidget.ui">
      <Filter>Form Files</Filter>
    </CustomBuild>
    <CustomBuild Include="scnEnvironmentSettingsWidget.h">
      <Filter>Header Files</Filter>
    </CustomBuild>
    <CustomBuild Include="scnEnvironmentSettingsWidget.ui">
      <Filter>Form Files</Filter>
    </CustomBuild>
    <CustomBuild Include="waitBackEngineWidget.h">
      <Filter>Header Files</Filter>
    </CustomBuild>
    <CustomBuild Include="waitBackEngineWidget.ui">
      <Filter>Form Files</Filter>
    </CustomBuild>
    <CustomBuild Include="hdoseSettingsWidget.h">
      <Filter>Header Files</Filter>
    </CustomBuild>
    <CustomBuild Include="hdoseSettingsWidget.ui">
      <Filter>Form Files</Filter>
    </CustomBuild>
    <CustomBuild Include="localEntityWidget.h">
      <Filter>Header Files</Filter>
    </CustomBuild>
    <CustomBuild Include="localEntityWidget.ui">
      <Filter>Form Files</Filter>
    </CustomBuild>
    <CustomBuild Include="entityTreeWidget.h">
      <Filter>Header Files</Filter>
    </CustomBuild>
    <CustomBuild Include="logOutPutWidget.ui">
      <Filter>Form Files</Filter>
    </CustomBuild>
    <CustomBuild Include="followTaskWidget.ui">
      <Filter>Form Files</Filter>
    </CustomBuild>
    <CustomBuild Include="waitTaskWidget.h">
      <Filter>Header Files</Filter>
    </CustomBuild>
    <CustomBuild Include="waitTaskWidget.ui">
      <Filter>Form Files</Filter>
    </CustomBuild>
    <CustomBuild Include="cruiseTaskWidget.h">
      <Filter>Header Files</Filter>
    </CustomBuild>
    <CustomBuild Include="cruiseTaskWidget.ui">
      <Filter>Form Files</Filter>
    </CustomBuild>
    <CustomBuild Include="followTaskWidget.h">
      <Filter>Header Files</Filter>
    </CustomBuild>
    <CustomBuild Include="simTimeWidget.h">
      <Filter>Header Files</Filter>
    </CustomBuild>
    <CustomBuild Include="simTimeWidget.ui">
      <Filter>Form Files</Filter>
    </CustomBuild>
    <CustomBuild Include="ctrlObjEditWidget.h">
      <Filter>Header Files</Filter>
    </CustomBuild>
    <CustomBuild Include="ctrlObjEditWidget.ui">
      <Filter>Form Files</Filter>
    </CustomBuild>
    <CustomBuild Include="showControlWidget.h">
      <Filter>Header Files</Filter>
    </CustomBuild>
    <CustomBuild Include="showControlWidget.ui">
      <Filter>Form Files</Filter>
    </CustomBuild>
    <CustomBuild Include="plot\ByyPlot.h">
      <Filter>Header Files\plot</Filter>
    </CustomBuild>
    <CustomBuild Include="displayManageWidget.h">
      <Filter>Header Files</Filter>
    </CustomBuild>
    <CustomBuild Include="displayManageWidget.ui">
      <Filter>Form Files</Filter>
    </CustomBuild>
    <CustomBuild Include="ByyDescribeWidget.h">
      <Filter>Header Files</Filter>
    </CustomBuild>
    <CustomBuild Include="ByyDescribeWidget.ui">
      <Filter>Form Files</Filter>
    </CustomBuild>
    <CustomBuild Include="ByyDescComponentWidget.h">
      <Filter>Header Files</Filter>
    </CustomBuild>
    <CustomBuild Include="ByyDescComponentWidget.ui">
      <Filter>Form Files</Filter>
    </CustomBuild>
    <CustomBuild Include="ByyEntitySensorWidget.h">
      <Filter>Header Files</Filter>
    </CustomBuild>
    <CustomBuild Include="ByyEntitySensorWidget.ui">
      <Filter>Form Files</Filter>
    </CustomBuild>
    <CustomBuild Include="ByyEntityInfoWidget.h">
      <Filter>Header Files</Filter>
    </CustomBuild>
    <CustomBuild Include="ByyEntityInfoWidget.ui">
      <Filter>Form Files</Filter>
    </CustomBuild>
    <CustomBuild Include="ByyEntityInfoBoxWidgt.h">
      <Filter>Header Files</Filter>
    </CustomBuild>
    <CustomBuild Include="ByyEditEntityWidget.h">
      <Filter>Header Files</Filter>
    </CustomBuild>
    <CustomBuild Include="ByyEntityInfoBoxWidgt.ui">
      <Filter>Form Files</Filter>
    </CustomBuild>
    <CustomBuild Include="ByyEntityOperator.h">
      <Filter>Header Files</Filter>
    </CustomBuild>
    <CustomBuild Include="ByyEntityObserver.h">
      <Filter>Header Files</Filter>
    </CustomBuild>
    <CustomBuild Include="ByyDetectTargetWidget.h">
      <Filter>Header Files</Filter>
    </CustomBuild>
    <CustomBuild Include="ByyDetectTargetWidget.ui">
      <Filter>Form Files</Filter>
    </CustomBuild>
    <CustomBuild Include="ByyWeaponControlWidget.h">
      <Filter>Header Files</Filter>
    </CustomBuild>
    <CustomBuild Include="measureActions.h">
      <Filter>Header Files</Filter>
    </CustomBuild>
    <CustomBuild Include="ByyWeaponControlWidget.ui">
      <Filter>Form Files</Filter>
    </CustomBuild>
    <CustomBuild Include="takeOffTaskWidget.h">
      <Filter>Header Files</Filter>
    </CustomBuild>
    <CustomBuild Include="takeOffTaskWidget.ui">
      <Filter>Form Files</Filter>
    </CustomBuild>
    <CustomBuild Include="returnBaseTaskWidget.h">
      <Filter>Header Files</Filter>
    </CustomBuild>
    <CustomBuild Include="returnBaseTaskWidget.ui">
      <Filter>Form Files</Filter>
    </CustomBuild>
    <CustomBuild Include="ByyRemoteEntityCreateWidget.h">
      <Filter>Header Files</Filter>
    </CustomBuild>
    <CustomBuild Include="ByyRemoteEntityCreateWidget.ui">
      <Filter>Form Files</Filter>
    </CustomBuild>
    <CustomBuild Include="sensorOperTaskWidget.h">
      <Filter>Header Files</Filter>
    </CustomBuild>
    <CustomBuild Include="sensorOperTaskWidget.ui">
      <Filter>Form Files</Filter>
    </CustomBuild>
    <CustomBuild Include="ByyEntityPlotWidget.h">
      <Filter>Header Files</Filter>
    </CustomBuild>
    <CustomBuild Include="ByyEntityPlotWidget.ui">
      <Filter>Form Files</Filter>
    </CustomBuild>
    <CustomBuild Include="ByyShowRoleWidget.h">
      <Filter>Header Files</Filter>
    </CustomBuild>
    <CustomBuild Include="ByyShowRoleWidget.ui">
      <Filter>Form Files</Filter>
    </CustomBuild>
    <CustomBuild Include="ByyOutputWidget.h">
      <Filter>Header Files</Filter>
    </CustomBuild>
    <CustomBuild Include="ByyOutputWidget.ui">
      <Filter>Form Files</Filter>
    </CustomBuild>
    <CustomBuild Include="ByyControlObjectOperator.h">
      <Filter>Header Files</Filter>
    </CustomBuild>
    <CustomBuild Include="ByySimMultipleWidget.h">
      <Filter>Header Files</Filter>
    </CustomBuild>
    <CustomBuild Include="ByySimMultipleWidget.ui">
      <Filter>Form Files</Filter>
    </CustomBuild>
    <CustomBuild Include="XFrame\XDynamicTestThread.h">
      <Filter>Header Files\XFrame</Filter>
    </CustomBuild>
    <CustomBuild Include="XFrame\XTest_GISWnd.h">
      <Filter>Header Files\XFrame</Filter>
    </CustomBuild>
    <CustomBuild Include="XFrame\XTest_GISWnd.ui">
      <Filter>Form Files</Filter>
    </CustomBuild>
    <CustomBuild Include="XFrame\XTest_GISWnd.qrc">
      <Filter>Resource Files</Filter>
    </CustomBuild>
    <CustomBuild Include="XFrame\ChartManager\XHTManagerWnd.h">
      <Filter>Header Files\XFrame\ChartManager</Filter>
    </CustomBuild>
    <CustomBuild Include="XFrame\ChartManager\XHTManagerWnd.ui">
      <Filter>Form Files</Filter>
    </CustomBuild>
    <CustomBuild Include="ByyQGis2DApdater.h">
      <Filter>Header Files</Filter>
    </CustomBuild>
    <CustomBuild Include="comApp.h">
      <Filter>Header Files</Filter>
    </CustomBuild>
    <CustomBuild Include="indexwidget.ui">
      <Filter>Form Files</Filter>
    </CustomBuild>
    <CustomBuild Include="indexNode.ui">
      <Filter>Form Files</Filter>
    </CustomBuild>
    <CustomBuild Include="indexNode.h">
      <Filter>Header Files</Filter>
    </CustomBuild>
    <CustomBuild Include="indexsubwidget.h">
      <Filter>Header Files</Filter>
    </CustomBuild>
    <CustomBuild Include="indexwidget.h">
      <Filter>Header Files</Filter>
    </CustomBuild>
    <CustomBuild Include="indexsubwidget.ui">
      <Filter>Form Files</Filter>
    </CustomBuild>
    <CustomBuild Include="statisticsWidget.ui">
      <Filter>Form Files</Filter>
    </CustomBuild>
    <CustomBuild Include="statisticsWidget.h">
      <Filter>Header Files</Filter>
    </CustomBuild>
    <CustomBuild Include="missileLineWidget.h">
      <Filter>Header Files</Filter>
    </CustomBuild>
    <CustomBuild Include="missileLineWidget.ui">
      <Filter>Form Files</Filter>
    </CustomBuild>
    <CustomBuild Include="BTFile\behaviortreeeditwdg.ui">
      <Filter>Form Files</Filter>
    </CustomBuild>
    <CustomBuild Include="BTFile\behaviortreetaskdlg.ui">
      <Filter>Form Files</Filter>
    </CustomBuild>
    <CustomBuild Include="BTFile\behaviortreetriggerdlg.ui">
      <Filter>Form Files</Filter>
    </CustomBuild>
    <CustomBuild Include="BTFile\behaviortreetriggernudlg.ui">
      <Filter>Form Files</Filter>
    </CustomBuild>
    <CustomBuild Include="BTFile\behaviortreeeditwdg.h">
      <Filter>Header Files\BehaviorTree</Filter>
    </CustomBuild>
    <CustomBuild Include="BTFile\behaviortreetablewidgetdelegate.h">
      <Filter>Header Files\BehaviorTree</Filter>
    </CustomBuild>
    <CustomBuild Include="BTFile\behaviortreetaskdlg.h">
      <Filter>Header Files\BehaviorTree</Filter>
    </CustomBuild>
    <CustomBuild Include="BTFile\behaviortreetriggerdlg.h">
      <Filter>Header Files\BehaviorTree</Filter>
    </CustomBuild>
    <CustomBuild Include="BTFile\behaviortreetriggernudlg.h">
      <Filter>Header Files\BehaviorTree</Filter>
    </CustomBuild>
    <CustomBuild Include="BTFile\btnbreak.h">
      <Filter>Header Files\BehaviorTree</Filter>
    </CustomBuild>
    <CustomBuild Include="BTFile\btncompose.h">
      <Filter>Header Files\BehaviorTree</Filter>
    </CustomBuild>
    <CustomBuild Include="BTFile\btncondition.h">
      <Filter>Header Files\BehaviorTree</Filter>
    </CustomBuild>
    <CustomBuild Include="BTFile\btnend.h">
      <Filter>Header Files\BehaviorTree</Filter>
    </CustomBuild>
    <CustomBuild Include="BTFile\btnloop.h">
      <Filter>Header Files\BehaviorTree</Filter>
    </CustomBuild>
    <CustomBuild Include="BTFile\btnroot.h">
      <Filter>Header Files\BehaviorTree</Filter>
    </CustomBuild>
    <CustomBuild Include="BTFile\btntime.h">
      <Filter>Header Files\BehaviorTree</Filter>
    </CustomBuild>
    <CustomBuild Include="BTFile\btntrigger.h">
      <Filter>Header Files\BehaviorTree</Filter>
    </CustomBuild>
    <CustomBuild Include="BTFile\forcetask.h">
      <Filter>Header Files\BehaviorTree</Filter>
    </CustomBuild>
    <CustomBuild Include="CustomDelegate.h">
      <Filter>Header Files</Filter>
    </CustomBuild>
    <CustomBuild Include="Formation\formationAddDialog.ui">
      <Filter>Form Files</Filter>
    </CustomBuild>
    <CustomBuild Include="Formation\formationWidget.ui">
      <Filter>Form Files</Filter>
    </CustomBuild>
    <CustomBuild Include="Formation\formationAddDialog.h">
      <Filter>Header Files\Formation</Filter>
    </CustomBuild>
    <CustomBuild Include="Formation\formationImage.h">
      <Filter>Header Files\Formation</Filter>
    </CustomBuild>
    <CustomBuild Include="Formation\formationWidget.h">
      <Filter>Header Files\Formation</Filter>
    </CustomBuild>
    <CustomBuild Include="Formation\uinitsGraphicsItem.h">
      <Filter>Header Files\Formation</Filter>
    </CustomBuild>
    <CustomBuild Include="Formation\unitsGraphicsScene.h">
      <Filter>Header Files\Formation</Filter>
    </CustomBuild>
    <CustomBuild Include="Formation\unitsGraphicsView.h">
      <Filter>Header Files\Formation</Filter>
    </CustomBuild>
    <CustomBuild Include="Verdict.h">
      <Filter>Header Files</Filter>
    </CustomBuild>
    <CustomBuild Include="verdictwidgets\entityalert.h">
      <Filter>Header Files\verdictwidgets</Filter>
    </CustomBuild>
    <CustomBuild Include="verdictwidgets\verdictbasewidget.h">
      <Filter>Header Files\verdictwidgets</Filter>
    </CustomBuild>
    <CustomBuild Include="verdictwidgets\DepthChargeVsSubmarineDamageCalculation.h">
      <Filter>Header Files\verdictwidgets</Filter>
    </CustomBuild>
    <CustomBuild Include="verdictwidgets\FireControlLockingCalculation.h">
      <Filter>Header Files\verdictwidgets</Filter>
    </CustomBuild>
    <CustomBuild Include="verdictwidgets\MissileHitProbabilityCalculation.h">
      <Filter>Header Files\verdictwidgets</Filter>
    </CustomBuild>
    <CustomBuild Include="verdictwidgets\MissileTargetTracking.h">
      <Filter>Header Files\verdictwidgets</Filter>
    </CustomBuild>
    <CustomBuild Include="verdictwidgets\MissileVsShipDamageCalculation.h">
      <Filter>Header Files\verdictwidgets</Filter>
    </CustomBuild>
    <CustomBuild Include="verdictwidgets\NavalEquipmentStatusJudgment.h">
      <Filter>Header Files\verdictwidgets</Filter>
    </CustomBuild>
    <CustomBuild Include="verdictwidgets\SensorAlarmCalculation.h">
      <Filter>Header Files\verdictwidgets</Filter>
    </CustomBuild>
    <CustomBuild Include="verdictwidgets\SubmarineEquipmentStatusJudgment.h">
      <Filter>Header Files\verdictwidgets</Filter>
    </CustomBuild>
    <CustomBuild Include="verdictwidgets\TorpedoVsShipDamageCalculation.h">
      <Filter>Header Files\verdictwidgets</Filter>
    </CustomBuild>
    <CustomBuild Include="verdictwidgets\TorpedoVsSubmarineDamageCalculation.h">
      <Filter>Header Files\verdictwidgets</Filter>
    </CustomBuild>
    <CustomBuild Include="verdictwidgets\WarDamageStatistics.h">
      <Filter>Header Files\verdictwidgets</Filter>
    </CustomBuild>
    <CustomBuild Include="verdictwidgets\AirCombatAdvantageCalculation.h">
      <Filter>Header Files\verdictwidgets</Filter>
    </CustomBuild>
    <CustomBuild Include="verdictwidgets\AircraftTargetTracking.h">
      <Filter>Header Files\verdictwidgets</Filter>
    </CustomBuild>
    <CustomBuild Include="verdictwidgets\ExercisePartyAlert.h">
      <Filter>Header Files\verdictwidgets</Filter>
    </CustomBuild>
    <CustomBuild Include="verdictwidgets\ExitJudgment.h">
      <Filter>Header Files\verdictwidgets</Filter>
    </CustomBuild>
    <CustomBuild Include="verdictwidgets\CollisionDetection.h">
      <Filter>Header Files\verdictwidgets</Filter>
    </CustomBuild>
    <CustomBuild Include="verdictwidgets\VerdictBaseData.h">
      <Filter>Header Files\verdictwidgets</Filter>
    </CustomBuild>
    <CustomBuild Include="tcpServer.h">
      <Filter>Header Files</Filter>
    </CustomBuild>
    <CustomBuild Include="logDialog.h">
      <Filter>Header Files</Filter>
    </CustomBuild>
    <CustomBuild Include="signalSingleton.h">
      <Filter>Header Files</Filter>
    </CustomBuild>
    <CustomBuild Include="ClientA.h">
      <Filter>Header Files</Filter>
    </CustomBuild>
    <CustomBuild Include="ClientB.h">
      <Filter>Header Files</Filter>
    </CustomBuild>
    <CustomBuild Include="ScenarioMerger.h">
      <Filter>Header Files</Filter>
    </CustomBuild>
    <CustomBuild Include="EntityControlPanel.h">
      <Filter>Header Files</Filter>
    </CustomBuild>
  </ItemGroup>
  <ItemGroup>
    <ResourceCompile Include="SNIG.rc" />
  </ItemGroup>
  <ItemGroup>
    <ClInclude Include="GeneratedFiles\ui_textEditDialog.h">
      <Filter>Generated Files</Filter>
    </ClInclude>
    <ClInclude Include="GeneratedFiles\ui_audioSettingsDialog.h">
      <Filter>Generated Files</Filter>
    </ClInclude>
    <ClInclude Include="GeneratedFiles\ui_stereoSettingsDialog.h">
      <Filter>Generated Files</Filter>
    </ClInclude>
    <ClInclude Include="GeneratedFiles\ui_connectDialog.h">
      <Filter>Generated Files</Filter>
    </ClInclude>
    <ClInclude Include="GeneratedFiles\ui_hla13ConnectWidget.h">
      <Filter>Generated Files</Filter>
    </ClInclude>
    <ClInclude Include="stdafx.h">
      <Filter>Header Files</Filter>
    </ClInclude>
    <ClInclude Include="GeneratedFiles\ui_observerInfoWidget.h">
      <Filter>Generated Files</Filter>
    </ClInclude>
    <ClInclude Include="GeneratedFiles\ui_viewpointWidget.h">
      <Filter>Generated Files</Filter>
    </ClInclude>
    <ClInclude Include="GeneratedFiles\ui_terrainEffectsWidget.h">
      <Filter>Generated Files</Filter>
    </ClInclude>
    <ClInclude Include="GeneratedFiles\ui_cameraAnimationWidget.h">
      <Filter>Generated Files</Filter>
    </ClInclude>
    <ClInclude Include="GeneratedFiles\ui_screenRecordWidget.h">
      <Filter>Generated Files</Filter>
    </ClInclude>
    <ClInclude Include="GeneratedFiles\ui_measureWidget.h">
      <Filter>Generated Files</Filter>
    </ClInclude>
    <ClInclude Include="GeneratedFiles\ui_environmentWidget.h">
      <Filter>Generated Files</Filter>
    </ClInclude>
    <ClInclude Include="GeneratedFiles\ui_viewpointEditWidget.h">
      <Filter>Generated Files</Filter>
    </ClInclude>
    <ClInclude Include="GeneratedFiles\ui_animationPathEditWidget.h">
      <Filter>Generated Files</Filter>
    </ClInclude>
    <ClInclude Include="GeneratedFiles\ui_sandboxWidget.h">
      <Filter>Generated Files</Filter>
    </ClInclude>
    <ClInclude Include="GeneratedFiles\ui_sandboxForceDisplay.h">
      <Filter>Generated Files</Filter>
    </ClInclude>
    <ClInclude Include="GeneratedFiles\ui_layersControlWidget.h">
      <Filter>Generated Files</Filter>
    </ClInclude>
    <ClInclude Include="GeneratedFiles\ui_entityObjectWidget.h">
      <Filter>Generated Files</Filter>
    </ClInclude>
    <ClInclude Include="GeneratedFiles\ui_assembleWidget.h">
      <Filter>Generated Files</Filter>
    </ClInclude>
    <ClInclude Include="GeneratedFiles\ui_entObjEditWidget.h">
      <Filter>Generated Files</Filter>
    </ClInclude>
    <ClInclude Include="GeneratedFiles\ui_entityTaskWidget.h">
      <Filter>Generated Files</Filter>
    </ClInclude>
    <ClInclude Include="taskWidgetFactory.h">
      <Filter>Header Files</Filter>
    </ClInclude>
    <ClInclude Include="GeneratedFiles\ui_moveToTaskWidget.h">
      <Filter>Generated Files</Filter>
    </ClInclude>
    <ClInclude Include="GeneratedFiles\ui_controlObjectWidget.h">
      <Filter>Generated Files</Filter>
    </ClInclude>
    <ClInclude Include="GeneratedFiles\ui_mouseCoordsWidget.h">
      <Filter>Generated Files</Filter>
    </ClInclude>
    <ClInclude Include="GeneratedFiles\ui_dockToolBar.h">
      <Filter>Generated Files</Filter>
    </ClInclude>
    <ClInclude Include="GeneratedFiles\ui_patrolRouteTaskWidget.h">
      <Filter>Generated Files</Filter>
    </ClInclude>
    <ClInclude Include="GeneratedFiles\ui_patrolAreaTaskWidget.h">
      <Filter>Generated Files</Filter>
    </ClInclude>
    <ClInclude Include="GeneratedFiles\ui_moveAlongRouteTaskWidget.h">
      <Filter>Generated Files</Filter>
    </ClInclude>
    <ClInclude Include="GeneratedFiles\ui_launchMissileTaskWidget.h">
      <Filter>Generated Files</Filter>
    </ClInclude>
    <ClInclude Include="ByyApp.h">
      <Filter>Header Files</Filter>
    </ClInclude>
    <ClInclude Include="ByyMenu.h">
      <Filter>Header Files</Filter>
    </ClInclude>
    <ClInclude Include="helpActions.h">
      <Filter>Header Files</Filter>
    </ClInclude>
    <ClInclude Include="scenarioFileUtil.h">
      <Filter>Header Files</Filter>
    </ClInclude>
    <ClInclude Include="GeneratedFiles\ui_vrlConnectWidget.h">
      <Filter>Generated Files</Filter>
    </ClInclude>
    <ClInclude Include="GeneratedFiles\ui_tacticalGraphicsWidget.h">
      <Filter>Generated Files</Filter>
    </ClInclude>
    <ClInclude Include="GeneratedFiles\ui_scnProfileWidget.h">
      <Filter>Generated Files</Filter>
    </ClInclude>
    <ClInclude Include="GeneratedFiles\ui_scnEnvironmentSettingsWidget.h">
      <Filter>Generated Files</Filter>
    </ClInclude>
    <ClInclude Include="GeneratedFiles\ui_waitBackEngineWidget.h">
      <Filter>Generated Files</Filter>
    </ClInclude>
    <ClInclude Include="GeneratedFiles\ui_hdoseSettingsWidget.h">
      <Filter>Generated Files</Filter>
    </ClInclude>
    <ClInclude Include="GeneratedFiles\ui_localEntityWidget.h">
      <Filter>Generated Files</Filter>
    </ClInclude>
    <ClInclude Include="GeneratedFiles\ui_logOutPutWidget.h">
      <Filter>Generated Files</Filter>
    </ClInclude>
    <ClInclude Include="GeneratedFiles\ui_followTaskWidget.h">
      <Filter>Generated Files</Filter>
    </ClInclude>
    <ClInclude Include="GeneratedFiles\ui_waitTaskWidget.h">
      <Filter>Generated Files</Filter>
    </ClInclude>
    <ClInclude Include="GeneratedFiles\ui_cruiseTaskWidget.h">
      <Filter>Generated Files</Filter>
    </ClInclude>
    <ClInclude Include="GeneratedFiles\ui_simTimeWidget.h">
      <Filter>Generated Files</Filter>
    </ClInclude>
    <ClInclude Include="GeneratedFiles\ui_ctrlObjEditWidget.h">
      <Filter>Generated Files</Filter>
    </ClInclude>
    <ClInclude Include="GeneratedFiles\ui_showControlWidget.h">
      <Filter>Generated Files</Filter>
    </ClInclude>
    <ClInclude Include="objectIconManager.h">
      <Filter>Header Files</Filter>
    </ClInclude>
    <ClInclude Include="plot\curvedata.h">
      <Filter>Header Files\plot</Filter>
    </ClInclude>
    <ClInclude Include="plot\signaldata.h">
      <Filter>Header Files\plot</Filter>
    </ClInclude>
    <ClInclude Include="GeneratedFiles\ui_displayManageWidget.h">
      <Filter>Generated Files</Filter>
    </ClInclude>
    <ClInclude Include="GeneratedFiles\ui_ByyDescribeWidget.h">
      <Filter>Generated Files</Filter>
    </ClInclude>
    <ClInclude Include="GeneratedFiles\ui_ByyDescComponentWidget.h">
      <Filter>Generated Files</Filter>
    </ClInclude>
    <ClInclude Include="GeneratedFiles\ui_ByyEntitySensorWidget.h">
      <Filter>Generated Files</Filter>
    </ClInclude>
    <ClInclude Include="GeneratedFiles\ui_ByyEntityInfoWidget.h">
      <Filter>Generated Files</Filter>
    </ClInclude>
    <ClInclude Include="GeneratedFiles\ui_ByyEntityInfoBoxWidgt.h">
      <Filter>Generated Files</Filter>
    </ClInclude>
    <ClInclude Include="GeneratedFiles\ui_ByyDetectTargetWidget.h">
      <Filter>Generated Files</Filter>
    </ClInclude>
    <ClInclude Include="GeneratedFiles\ui_ByyWeaponControlWidget.h">
      <Filter>Generated Files</Filter>
    </ClInclude>
    <ClInclude Include="GeneratedFiles\ui_takeOffTaskWidget.h">
      <Filter>Generated Files</Filter>
    </ClInclude>
    <ClInclude Include="GeneratedFiles\ui_returnBaseTaskWidget.h">
      <Filter>Generated Files</Filter>
    </ClInclude>
    <ClInclude Include="GeneratedFiles\ui_ByyRemoteEntityCreateWidget.h">
      <Filter>Generated Files</Filter>
    </ClInclude>
    <ClInclude Include="GeneratedFiles\ui_sensorOperTaskWidget.h">
      <Filter>Generated Files</Filter>
    </ClInclude>
    <ClInclude Include="GeneratedFiles\ui_ByyEntityPlotWidget.h">
      <Filter>Generated Files</Filter>
    </ClInclude>
    <ClInclude Include="GeneratedFiles\ui_ByyShowRoleWidget.h">
      <Filter>Generated Files</Filter>
    </ClInclude>
    <ClInclude Include="GeneratedFiles\ui_ByyOutputWidget.h">
      <Filter>Generated Files</Filter>
    </ClInclude>
    <ClInclude Include="GeneratedFiles\ui_ByySimMultipleWidget.h">
      <Filter>Generated Files</Filter>
    </ClInclude>
    <ClInclude Include="XFrame\XDynamicEntity.h">
      <Filter>Header Files\XFrame</Filter>
    </ClInclude>
    <ClInclude Include="GeneratedFiles\ui_XTest_GISWnd.h">
      <Filter>Generated Files</Filter>
    </ClInclude>
    <ClInclude Include="GeneratedFiles\ui_XHTManagerWnd.h">
      <Filter>Generated Files</Filter>
    </ClInclude>
    <ClInclude Include="GeneratedFiles\ui_indexwidget.h">
      <Filter>Generated Files</Filter>
    </ClInclude>
    <ClInclude Include="GeneratedFiles\ui_indexNode.h">
      <Filter>Generated Files</Filter>
    </ClInclude>
    <ClInclude Include="GeneratedFiles\ui_indexsubwidget.h">
      <Filter>Generated Files</Filter>
    </ClInclude>
    <ClInclude Include="GeneratedFiles\ui_statisticsWidget.h">
      <Filter>Generated Files</Filter>
    </ClInclude>
    <ClInclude Include="GeneratedFiles\ui_missileLineWidget.h">
      <Filter>Generated Files</Filter>
    </ClInclude>
    <ClInclude Include="GeneratedFiles\ui_behaviortreeeditwdg.h">
      <Filter>Generated Files</Filter>
    </ClInclude>
    <ClInclude Include="GeneratedFiles\ui_behaviortreetaskdlg.h">
      <Filter>Generated Files</Filter>
    </ClInclude>
    <ClInclude Include="GeneratedFiles\ui_behaviortreetriggerdlg.h">
      <Filter>Generated Files</Filter>
    </ClInclude>
    <ClInclude Include="GeneratedFiles\ui_behaviortreetriggernudlg.h">
      <Filter>Generated Files</Filter>
    </ClInclude>
    <ClInclude Include="GeneratedFiles\ui_formationAddDialog.h">
      <Filter>Generated Files</Filter>
    </ClInclude>
    <ClInclude Include="GeneratedFiles\ui_formationWidget.h">
      <Filter>Generated Files</Filter>
    </ClInclude>
    <ClInclude Include="Formation\commonStruct.h">
      <Filter>Header Files\Formation</Filter>
    </ClInclude>
  </ItemGroup>
  <ItemGroup>
    <None Include="XFrame\Resources\Icons\mActionPan.svg">
      <Filter>Resource Files</Filter>
    </None>
    <None Include="XFrame\Resources\Icons\mActionZoomIn.svg">
      <Filter>Resource Files</Filter>
    </None>
    <None Include="XFrame\Resources\Icons\mActionZoomOut.svg">
      <Filter>Resource Files</Filter>
    </None>
    <None Include="XFrame\Resources\Icons\mActionMeasure.svg">
      <Filter>Resource Files</Filter>
    </None>
    <None Include="XFrame\Resources\Icons\mActionMeasureAngle.svg">
      <Filter>Resource Files</Filter>
    </None>
    <None Include="XFrame\Resources\Icons\mActionMeasureArea.svg">
      <Filter>Resource Files</Filter>
    </None>
    <None Include="XFrame\Resources\Icons\mActionZoomFullExtent.svg">
      <Filter>Resource Files</Filter>
    </None>
    <None Include="XFrame\Resources\Icons\mActionCaptureLine.svg">
      <Filter>Resource Files</Filter>
    </None>
    <None Include="XFrame\Resources\Icons\mActionCapturePoint.svg">
      <Filter>Resource Files</Filter>
    </None>
    <None Include="XFrame\Resources\Icons\mActionCapturePolygon.svg">
      <Filter>Resource Files</Filter>
    </None>
    <None Include="XFrame\Resources\Icons\mActionAddJB.svg">
      <Filter>Resource Files</Filter>
    </None>
    <None Include="XFrame\Resources\Icons\mActionLoadChart.svg">
      <Filter>Resource Files</Filter>
    </None>
    <None Include="XFrame\Resources\Icons\mActionUnloadChart.svg">
      <Filter>Resource Files</Filter>
    </None>
    <None Include="XFrame\Resources\Icons\mActionWhatsThis.svg">
      <Filter>Resource Files</Filter>
    </None>
    <None Include="XFrame\Resources\Icons\mActionDyTest.svg">
      <Filter>Resource Files</Filter>
    </None>
    <None Include="XFrame\Resources\Icons\mActionFileOpen.svg">
      <Filter>Resource Files</Filter>
    </None>
    <None Include="XFrame\Resources\Icons\mActionFileSave.svg">
      <Filter>Resource Files</Filter>
    </None>
    <None Include="XFrame\Resources\Icons\mActionAddBasicCircle.svg">
      <Filter>Resource Files</Filter>
    </None>
    <None Include="XFrame\Resources\Icons\mActionAddBasicRectangle.svg">
      <Filter>Resource Files</Filter>
    </None>
    <None Include="XFrame\Resources\Icons\mActionAddBasicShape.svg">
      <Filter>Resource Files</Filter>
    </None>
  </ItemGroup>
</Project>